// !$*UTF8*$!
{
	archiveVersion = 1;
	classes = {
	};
	objectVersion = 56;
	objects = {

/* Begin PBXBuildFile section */
		98838C242CA4867900709648 /* Component.swift in Sources */ = {isa = PBXBuildFile; fileRef = 98838C232CA4867900709648 /* Component.swift */; };
		98838C262CA486C600709648 /* BattleSystem.swift in Sources */ = {isa = PBXBuildFile; fileRef = 98838C252CA486C600709648 /* BattleSystem.swift */; };
		98838C2A2CA487CD00709648 /* Entity.swift in Sources */ = {isa = PBXBuildFile; fileRef = 98838C292CA487CD00709648 /* Entity.swift */; };
		FD932AF12C9B55C70047B5B7 /* PositionComponent.swift in Sources */ = {isa = PBXBuildFile; fileRef = FD932AF02C9B55C70047B5B7 /* PositionComponent.swift */; };
		FD932AF32C9B55F20047B5B7 /* MovementComponent.swift in Sources */ = {isa = PBXBuildFile; fileRef = FD932AF22C9B55F20047B5B7 /* MovementComponent.swift */; };
		FD932AF52C9B561B0047B5B7 /* InventoryComponent.swift in Sources */ = {isa = PBXBuildFile; fileRef = FD932AF42C9B561B0047B5B7 /* InventoryComponent.swift */; };
		FD932AF72C9B56410047B5B7 /* Effect.swift in Sources */ = {isa = PBXBuildFile; fileRef = FD932AF62C9B56410047B5B7 /* Effect.swift */; };
		FD932AF92C9B56940047B5B7 /* ConsumableComponent.swift in Sources */ = {isa = PBXBuildFile; fileRef = FD932AF82C9B56940047B5B7 /* ConsumableComponent.swift */; };
		FD932AFB2C9B56C10047B5B7 /* HealthComponent.swift in Sources */ = {isa = PBXBuildFile; fileRef = FD932AFA2C9B56C10047B5B7 /* HealthComponent.swift */; };
		FD932AFD2C9B56D90047B5B7 /* StaminaComponent.swift in Sources */ = {isa = PBXBuildFile; fileRef = FD932AFC2C9B56D90047B5B7 /* StaminaComponent.swift */; };
		FD932AFF2C9B56EE0047B5B7 /* SpriteComponent.swift in Sources */ = {isa = PBXBuildFile; fileRef = FD932AFE2C9B56EE0047B5B7 /* SpriteComponent.swift */; };
		FD932B012C9B57180047B5B7 /* InteractableComponent.swift in Sources */ = {isa = PBXBuildFile; fileRef = FD932B002C9B57180047B5B7 /* InteractableComponent.swift */; };
		FD932B032C9B572E0047B5B7 /* DialogueComponent.swift in Sources */ = {isa = PBXBuildFile; fileRef = FD932B022C9B572E0047B5B7 /* DialogueComponent.swift */; };
		FD932B052C9B57620047B5B7 /* AffectedByEffect.swift in Sources */ = {isa = PBXBuildFile; fileRef = FD932B042C9B57620047B5B7 /* AffectedByEffect.swift */; };
		FD932B072C9B57860047B5B7 /* FightAIComponent.swift in Sources */ = {isa = PBXBuildFile; fileRef = FD932B062C9B57860047B5B7 /* FightAIComponent.swift */; };
		FD932B092C9B57AA0047B5B7 /* User.swift in Sources */ = {isa = PBXBuildFile; fileRef = FD932B082C9B57AA0047B5B7 /* User.swift */; };
		FD932B0B2C9B58DC0047B5B7 /* FighterComponent.swift in Sources */ = {isa = PBXBuildFile; fileRef = FD932B0A2C9B58DC0047B5B7 /* FighterComponent.swift */; };
		FD932B0D2C9B591A0047B5B7 /* Enemy.swift in Sources */ = {isa = PBXBuildFile; fileRef = FD932B0C2C9B591A0047B5B7 /* Enemy.swift */; };
		FD932B0F2C9B5BCA0047B5B7 /* Item.swift in Sources */ = {isa = PBXBuildFile; fileRef = FD932B0E2C9B5BCA0047B5B7 /* Item.swift */; };
		FDAC55002C9A106300E90E17 /* Dialogo.swift in Sources */ = {isa = PBXBuildFile; fileRef = FDAC54FF2C9A106300E90E17 /* Dialogo.swift */; };
		FDAD41F62C9CB7D40053A4B0 /* MovementSystem.swift in Sources */ = {isa = PBXBuildFile; fileRef = FDAD41F52C9CB7D40053A4B0 /* MovementSystem.swift */; };
		FDAD41F82C9CBA230053A4B0 /* ItemSystem.swift in Sources */ = {isa = PBXBuildFile; fileRef = FDAD41F72C9CBA230053A4B0 /* ItemSystem.swift */; };
		FDAD41FA2C9E02540053A4B0 /* DialogSystem.swift in Sources */ = {isa = PBXBuildFile; fileRef = FDAD41F92C9E02540053A4B0 /* DialogSystem.swift */; };
		FDAD41FC2C9E05FE0053A4B0 /* GameState.swift in Sources */ = {isa = PBXBuildFile; fileRef = FDAD41FB2C9E05FE0053A4B0 /* GameState.swift */; };
		FDAD41FE2C9E104E0053A4B0 /* Friendly.swift in Sources */ = {isa = PBXBuildFile; fileRef = FDAD41FD2C9E104E0053A4B0 /* Friendly.swift */; };
		FDC1FCFF2C94B9A500791D58 /* UIBatalhaScene.swift in Sources */ = {isa = PBXBuildFile; fileRef = FDC1FCFE2C94B9A500791D58 /* UIBatalhaScene.swift */; };
		FDE3CF052CA3413100D88620 /* ReadableComponent.swift in Sources */ = {isa = PBXBuildFile; fileRef = FDE3CF042CA3413100D88620 /* ReadableComponent.swift */; };
		FDE3CF072CA3422C00D88620 /* DescriptionToPass.swift in Sources */ = {isa = PBXBuildFile; fileRef = FDE3CF062CA3422C00D88620 /* DescriptionToPass.swift */; };
		FDE3CF092CA47E7D00D88620 /* TopDownScene.swift in Sources */ = {isa = PBXBuildFile; fileRef = FDE3CF082CA47E7D00D88620 /* TopDownScene.swift */; };
		FDE3CF0C2CA4860C00D88620 /* TopDownScene_UI.swift in Sources */ = {isa = PBXBuildFile; fileRef = FDE3CF0B2CA4860C00D88620 /* TopDownScene_UI.swift */; };
		FDE3CF0E2CA4899400D88620 /* TopDownScene_INPUT.swift in Sources */ = {isa = PBXBuildFile; fileRef = FDE3CF0D2CA4899400D88620 /* TopDownScene_INPUT.swift */; };
		FDE3CF102CA48A1400D88620 /* TopDownScene_INVENTORY.swift in Sources */ = {isa = PBXBuildFile; fileRef = FDE3CF0F2CA48A1400D88620 /* TopDownScene_INVENTORY.swift */; };
		FDE3CF122CA48ABB00D88620 /* TopDownScene_DIALOG-BOX.swift in Sources */ = {isa = PBXBuildFile; fileRef = FDE3CF112CA48ABB00D88620 /* TopDownScene_DIALOG-BOX.swift */; };
		FDE3CF142CA48B6200D88620 /* TopDownScene_ITEM-DESCRIPTION.swift in Sources */ = {isa = PBXBuildFile; fileRef = FDE3CF132CA48B6200D88620 /* TopDownScene_ITEM-DESCRIPTION.swift */; };
		FDF1E0882C91B750006D4EA0 /* AppDelegate.swift in Sources */ = {isa = PBXBuildFile; fileRef = FDF1E0872C91B750006D4EA0 /* AppDelegate.swift */; };
		FDF1E08A2C91B750006D4EA0 /* GameScene.sks in Resources */ = {isa = PBXBuildFile; fileRef = FDF1E0892C91B750006D4EA0 /* GameScene.sks */; };
		FDF1E08C2C91B750006D4EA0 /* Actions.sks in Resources */ = {isa = PBXBuildFile; fileRef = FDF1E08B2C91B750006D4EA0 /* Actions.sks */; };
		FDF1E08E2C91B750006D4EA0 /* GameScene.swift in Sources */ = {isa = PBXBuildFile; fileRef = FDF1E08D2C91B750006D4EA0 /* GameScene.swift */; };
		FDF1E0902C91B750006D4EA0 /* ViewController.swift in Sources */ = {isa = PBXBuildFile; fileRef = FDF1E08F2C91B750006D4EA0 /* ViewController.swift */; };
		FDF1E0922C91B752006D4EA0 /* Assets.xcassets in Resources */ = {isa = PBXBuildFile; fileRef = FDF1E0912C91B752006D4EA0 /* Assets.xcassets */; };
		FDF1E0952C91B752006D4EA0 /* Base in Resources */ = {isa = PBXBuildFile; fileRef = FDF1E0942C91B752006D4EA0 /* Base */; };
		FDF1E09E2C91B811006D4EA0 /* PositionHelper.swift in Sources */ = {isa = PBXBuildFile; fileRef = FDF1E09D2C91B811006D4EA0 /* PositionHelper.swift */; };
		FDF1E0A32C921D16006D4EA0 /* GameOverScene.swift in Sources */ = {isa = PBXBuildFile; fileRef = FDF1E0A22C921D16006D4EA0 /* GameOverScene.swift */; };
		FDF1E0A52C923540006D4EA0 /* BatalhaScene.swift in Sources */ = {isa = PBXBuildFile; fileRef = FDF1E0A42C923540006D4EA0 /* BatalhaScene.swift */; };
		FDF1E0AC2C938531006D4EA0 /* YouWinScene.swift in Sources */ = {isa = PBXBuildFile; fileRef = FDF1E0AB2C938531006D4EA0 /* YouWinScene.swift */; };
/* End PBXBuildFile section */

/* Begin PBXFileReference section */
		98838C232CA4867900709648 /* Component.swift */ = {isa = PBXFileReference; lastKnownFileType = sourcecode.swift; path = Component.swift; sourceTree = "<group>"; };
		98838C252CA486C600709648 /* BattleSystem.swift */ = {isa = PBXFileReference; lastKnownFileType = sourcecode.swift; path = BattleSystem.swift; sourceTree = "<group>"; };
		98838C292CA487CD00709648 /* Entity.swift */ = {isa = PBXFileReference; lastKnownFileType = sourcecode.swift; path = Entity.swift; sourceTree = "<group>"; };
		FD932AF02C9B55C70047B5B7 /* PositionComponent.swift */ = {isa = PBXFileReference; lastKnownFileType = sourcecode.swift; path = PositionComponent.swift; sourceTree = "<group>"; };
		FD932AF22C9B55F20047B5B7 /* MovementComponent.swift */ = {isa = PBXFileReference; lastKnownFileType = sourcecode.swift; path = MovementComponent.swift; sourceTree = "<group>"; };
		FD932AF42C9B561B0047B5B7 /* InventoryComponent.swift */ = {isa = PBXFileReference; lastKnownFileType = sourcecode.swift; path = InventoryComponent.swift; sourceTree = "<group>"; };
		FD932AF62C9B56410047B5B7 /* Effect.swift */ = {isa = PBXFileReference; lastKnownFileType = sourcecode.swift; path = Effect.swift; sourceTree = "<group>"; };
		FD932AF82C9B56940047B5B7 /* ConsumableComponent.swift */ = {isa = PBXFileReference; lastKnownFileType = sourcecode.swift; path = ConsumableComponent.swift; sourceTree = "<group>"; };
		FD932AFA2C9B56C10047B5B7 /* HealthComponent.swift */ = {isa = PBXFileReference; lastKnownFileType = sourcecode.swift; path = HealthComponent.swift; sourceTree = "<group>"; };
		FD932AFC2C9B56D90047B5B7 /* StaminaComponent.swift */ = {isa = PBXFileReference; lastKnownFileType = sourcecode.swift; path = StaminaComponent.swift; sourceTree = "<group>"; };
		FD932AFE2C9B56EE0047B5B7 /* SpriteComponent.swift */ = {isa = PBXFileReference; lastKnownFileType = sourcecode.swift; path = SpriteComponent.swift; sourceTree = "<group>"; };
		FD932B002C9B57180047B5B7 /* InteractableComponent.swift */ = {isa = PBXFileReference; lastKnownFileType = sourcecode.swift; path = InteractableComponent.swift; sourceTree = "<group>"; };
		FD932B022C9B572E0047B5B7 /* DialogueComponent.swift */ = {isa = PBXFileReference; lastKnownFileType = sourcecode.swift; path = DialogueComponent.swift; sourceTree = "<group>"; };
		FD932B042C9B57620047B5B7 /* AffectedByEffect.swift */ = {isa = PBXFileReference; lastKnownFileType = sourcecode.swift; path = AffectedByEffect.swift; sourceTree = "<group>"; };
		FD932B062C9B57860047B5B7 /* FightAIComponent.swift */ = {isa = PBXFileReference; lastKnownFileType = sourcecode.swift; path = FightAIComponent.swift; sourceTree = "<group>"; };
		FD932B082C9B57AA0047B5B7 /* User.swift */ = {isa = PBXFileReference; lastKnownFileType = sourcecode.swift; path = User.swift; sourceTree = "<group>"; };
		FD932B0A2C9B58DC0047B5B7 /* FighterComponent.swift */ = {isa = PBXFileReference; lastKnownFileType = sourcecode.swift; path = FighterComponent.swift; sourceTree = "<group>"; };
		FD932B0C2C9B591A0047B5B7 /* Enemy.swift */ = {isa = PBXFileReference; lastKnownFileType = sourcecode.swift; path = Enemy.swift; sourceTree = "<group>"; };
		FD932B0E2C9B5BCA0047B5B7 /* Item.swift */ = {isa = PBXFileReference; lastKnownFileType = sourcecode.swift; path = Item.swift; sourceTree = "<group>"; };
		FDAC54FF2C9A106300E90E17 /* Dialogo.swift */ = {isa = PBXFileReference; lastKnownFileType = sourcecode.swift; path = Dialogo.swift; sourceTree = "<group>"; };
		FDAD41F52C9CB7D40053A4B0 /* MovementSystem.swift */ = {isa = PBXFileReference; lastKnownFileType = sourcecode.swift; path = MovementSystem.swift; sourceTree = "<group>"; };
		FDAD41F72C9CBA230053A4B0 /* ItemSystem.swift */ = {isa = PBXFileReference; lastKnownFileType = sourcecode.swift; path = ItemSystem.swift; sourceTree = "<group>"; };
		FDAD41F92C9E02540053A4B0 /* DialogSystem.swift */ = {isa = PBXFileReference; lastKnownFileType = sourcecode.swift; path = DialogSystem.swift; sourceTree = "<group>"; };
		FDAD41FB2C9E05FE0053A4B0 /* GameState.swift */ = {isa = PBXFileReference; lastKnownFileType = sourcecode.swift; path = GameState.swift; sourceTree = "<group>"; };
		FDAD41FD2C9E104E0053A4B0 /* Friendly.swift */ = {isa = PBXFileReference; lastKnownFileType = sourcecode.swift; path = Friendly.swift; sourceTree = "<group>"; };
		FDC1FCFE2C94B9A500791D58 /* UIBatalhaScene.swift */ = {isa = PBXFileReference; lastKnownFileType = sourcecode.swift; path = UIBatalhaScene.swift; sourceTree = "<group>"; };
		FDE3CF042CA3413100D88620 /* ReadableComponent.swift */ = {isa = PBXFileReference; lastKnownFileType = sourcecode.swift; path = ReadableComponent.swift; sourceTree = "<group>"; };
		FDE3CF062CA3422C00D88620 /* DescriptionToPass.swift */ = {isa = PBXFileReference; lastKnownFileType = sourcecode.swift; path = DescriptionToPass.swift; sourceTree = "<group>"; };
		FDE3CF082CA47E7D00D88620 /* TopDownScene.swift */ = {isa = PBXFileReference; lastKnownFileType = sourcecode.swift; path = TopDownScene.swift; sourceTree = "<group>"; };
		FDE3CF0B2CA4860C00D88620 /* TopDownScene_UI.swift */ = {isa = PBXFileReference; lastKnownFileType = sourcecode.swift; path = TopDownScene_UI.swift; sourceTree = "<group>"; };
		FDE3CF0D2CA4899400D88620 /* TopDownScene_INPUT.swift */ = {isa = PBXFileReference; lastKnownFileType = sourcecode.swift; path = TopDownScene_INPUT.swift; sourceTree = "<group>"; };
		FDE3CF0F2CA48A1400D88620 /* TopDownScene_INVENTORY.swift */ = {isa = PBXFileReference; lastKnownFileType = sourcecode.swift; path = TopDownScene_INVENTORY.swift; sourceTree = "<group>"; };
		FDE3CF112CA48ABB00D88620 /* TopDownScene_DIALOG-BOX.swift */ = {isa = PBXFileReference; lastKnownFileType = sourcecode.swift; path = "TopDownScene_DIALOG-BOX.swift"; sourceTree = "<group>"; };
		FDE3CF132CA48B6200D88620 /* TopDownScene_ITEM-DESCRIPTION.swift */ = {isa = PBXFileReference; lastKnownFileType = sourcecode.swift; path = "TopDownScene_ITEM-DESCRIPTION.swift"; sourceTree = "<group>"; };
		FDF1E0842C91B750006D4EA0 /* JourneyThroughCastleSky.app */ = {isa = PBXFileReference; explicitFileType = wrapper.application; includeInIndex = 0; path = JourneyThroughCastleSky.app; sourceTree = BUILT_PRODUCTS_DIR; };
		FDF1E0872C91B750006D4EA0 /* AppDelegate.swift */ = {isa = PBXFileReference; lastKnownFileType = sourcecode.swift; path = AppDelegate.swift; sourceTree = "<group>"; };
		FDF1E0892C91B750006D4EA0 /* GameScene.sks */ = {isa = PBXFileReference; lastKnownFileType = file.sks; path = GameScene.sks; sourceTree = "<group>"; };
		FDF1E08B2C91B750006D4EA0 /* Actions.sks */ = {isa = PBXFileReference; lastKnownFileType = file.sks; path = Actions.sks; sourceTree = "<group>"; };
		FDF1E08D2C91B750006D4EA0 /* GameScene.swift */ = {isa = PBXFileReference; lastKnownFileType = sourcecode.swift; path = GameScene.swift; sourceTree = "<group>"; };
		FDF1E08F2C91B750006D4EA0 /* ViewController.swift */ = {isa = PBXFileReference; lastKnownFileType = sourcecode.swift; path = ViewController.swift; sourceTree = "<group>"; };
		FDF1E0912C91B752006D4EA0 /* Assets.xcassets */ = {isa = PBXFileReference; lastKnownFileType = folder.assetcatalog; path = Assets.xcassets; sourceTree = "<group>"; };
		FDF1E0942C91B752006D4EA0 /* Base */ = {isa = PBXFileReference; lastKnownFileType = file.storyboard; name = Base; path = Base.lproj/Main.storyboard; sourceTree = "<group>"; };
		FDF1E0962C91B752006D4EA0 /* JourneyThroughCastleSky.entitlements */ = {isa = PBXFileReference; lastKnownFileType = text.plist.entitlements; path = JourneyThroughCastleSky.entitlements; sourceTree = "<group>"; };
		FDF1E09D2C91B811006D4EA0 /* PositionHelper.swift */ = {isa = PBXFileReference; lastKnownFileType = sourcecode.swift; path = PositionHelper.swift; sourceTree = "<group>"; };
		FDF1E0A22C921D16006D4EA0 /* GameOverScene.swift */ = {isa = PBXFileReference; lastKnownFileType = sourcecode.swift; path = GameOverScene.swift; sourceTree = "<group>"; };
		FDF1E0A42C923540006D4EA0 /* BatalhaScene.swift */ = {isa = PBXFileReference; lastKnownFileType = sourcecode.swift; path = BatalhaScene.swift; sourceTree = "<group>"; };
		FDF1E0AB2C938531006D4EA0 /* YouWinScene.swift */ = {isa = PBXFileReference; lastKnownFileType = sourcecode.swift; path = YouWinScene.swift; sourceTree = "<group>"; };
/* End PBXFileReference section */

/* Begin PBXFrameworksBuildPhase section */
		FDF1E0812C91B750006D4EA0 /* Frameworks */ = {
			isa = PBXFrameworksBuildPhase;
			buildActionMask = 2147483647;
			files = (
			);
			runOnlyForDeploymentPostprocessing = 0;
		};
/* End PBXFrameworksBuildPhase section */

/* Begin PBXGroup section */
		FD16D8822C9B55870069D661 /* Component */ = {
			isa = PBXGroup;
			children = (
				98838C232CA4867900709648 /* Component.swift */,
				FD932AF02C9B55C70047B5B7 /* PositionComponent.swift */,
				FD932AF22C9B55F20047B5B7 /* MovementComponent.swift */,
				FD932AF42C9B561B0047B5B7 /* InventoryComponent.swift */,
				FD932AF82C9B56940047B5B7 /* ConsumableComponent.swift */,
				FD932AFA2C9B56C10047B5B7 /* HealthComponent.swift */,
				FD932AFC2C9B56D90047B5B7 /* StaminaComponent.swift */,
				FD932AFE2C9B56EE0047B5B7 /* SpriteComponent.swift */,
				FD932B002C9B57180047B5B7 /* InteractableComponent.swift */,
				FD932B022C9B572E0047B5B7 /* DialogueComponent.swift */,
				FD932B042C9B57620047B5B7 /* AffectedByEffect.swift */,
				FD932B062C9B57860047B5B7 /* FightAIComponent.swift */,
				FD932B0A2C9B58DC0047B5B7 /* FighterComponent.swift */,
				FDE3CF042CA3413100D88620 /* ReadableComponent.swift */,
			);
			path = Component;
			sourceTree = "<group>";
		};
		FD64839B2C9A102000264D2D /* Model */ = {
			isa = PBXGroup;
			children = (
				FDAC54FF2C9A106300E90E17 /* Dialogo.swift */,
				FD932AF62C9B56410047B5B7 /* Effect.swift */,
				FDAD41FB2C9E05FE0053A4B0 /* GameState.swift */,
				FDE3CF062CA3422C00D88620 /* DescriptionToPass.swift */,
			);
			path = Model;
			sourceTree = "<group>";
		};
		FD932AEF2C9B55A80047B5B7 /* System */ = {
			isa = PBXGroup;
			children = (
				98838C252CA486C600709648 /* BattleSystem.swift */,
				FDAD41F52C9CB7D40053A4B0 /* MovementSystem.swift */,
				FDAD41F72C9CBA230053A4B0 /* ItemSystem.swift */,
				FDAD41F92C9E02540053A4B0 /* DialogSystem.swift */,
			);
			path = System;
			sourceTree = "<group>";
		};
		FDAC55012C9A10BF00E90E17 /* GameScene */ = {
			isa = PBXGroup;
			children = (
				FDF1E08D2C91B750006D4EA0 /* GameScene.swift */,
			);
			path = GameScene;
			sourceTree = "<group>";
		};
		FDAC55062C9B554200E90E17 /* Entity */ = {
			isa = PBXGroup;
			children = (
				98838C292CA487CD00709648 /* Entity.swift */,
				FD932B082C9B57AA0047B5B7 /* User.swift */,
				FD932B0C2C9B591A0047B5B7 /* Enemy.swift */,
				FD932B0E2C9B5BCA0047B5B7 /* Item.swift */,
				FDAD41FD2C9E104E0053A4B0 /* Friendly.swift */,
			);
			path = Entity;
			sourceTree = "<group>";
		};
		FDE3CF0A2CA485F400D88620 /* TopDownScene */ = {
			isa = PBXGroup;
			children = (
				FDE3CF082CA47E7D00D88620 /* TopDownScene.swift */,
				FDE3CF0B2CA4860C00D88620 /* TopDownScene_UI.swift */,
				FDE3CF0D2CA4899400D88620 /* TopDownScene_INPUT.swift */,
				FDE3CF0F2CA48A1400D88620 /* TopDownScene_INVENTORY.swift */,
				FDE3CF112CA48ABB00D88620 /* TopDownScene_DIALOG-BOX.swift */,
				FDE3CF132CA48B6200D88620 /* TopDownScene_ITEM-DESCRIPTION.swift */,
			);
			path = TopDownScene;
			sourceTree = "<group>";
		};
		FDF1E07B2C91B750006D4EA0 = {
			isa = PBXGroup;
			children = (
				FDF1E0862C91B750006D4EA0 /* JourneyThroughCastleSky */,
				FDF1E0852C91B750006D4EA0 /* Products */,
			);
			sourceTree = "<group>";
		};
		FDF1E0852C91B750006D4EA0 /* Products */ = {
			isa = PBXGroup;
			children = (
				FDF1E0842C91B750006D4EA0 /* JourneyThroughCastleSky.app */,
			);
			name = Products;
			sourceTree = "<group>";
		};
		FDF1E0862C91B750006D4EA0 /* JourneyThroughCastleSky */ = {
			isa = PBXGroup;
			children = (
				FD932AEF2C9B55A80047B5B7 /* System */,
				FD16D8822C9B55870069D661 /* Component */,
				FDAC55062C9B554200E90E17 /* Entity */,
				FD64839B2C9A102000264D2D /* Model */,
				FDF1E09F2C921CF5006D4EA0 /* Scene */,
				FDF1E09C2C91B803006D4EA0 /* Helper */,
				FDF1E0872C91B750006D4EA0 /* AppDelegate.swift */,
				FDF1E0892C91B750006D4EA0 /* GameScene.sks */,
				FDF1E08B2C91B750006D4EA0 /* Actions.sks */,
				FDF1E08F2C91B750006D4EA0 /* ViewController.swift */,
				FDF1E0912C91B752006D4EA0 /* Assets.xcassets */,
				FDF1E0932C91B752006D4EA0 /* Main.storyboard */,
				FDF1E0962C91B752006D4EA0 /* JourneyThroughCastleSky.entitlements */,
			);
			path = JourneyThroughCastleSky;
			sourceTree = "<group>";
		};
		FDF1E09C2C91B803006D4EA0 /* Helper */ = {
			isa = PBXGroup;
			children = (
				FDF1E09D2C91B811006D4EA0 /* PositionHelper.swift */,
			);
			path = Helper;
			sourceTree = "<group>";
		};
		FDF1E09F2C921CF5006D4EA0 /* Scene */ = {
			isa = PBXGroup;
			children = (
				FDE3CF0A2CA485F400D88620 /* TopDownScene */,
				FDAC55012C9A10BF00E90E17 /* GameScene */,
				FDF1E0AD2C94B7CF006D4EA0 /* BatalhaScene */,
				FDF1E0A22C921D16006D4EA0 /* GameOverScene.swift */,
				FDF1E0AB2C938531006D4EA0 /* YouWinScene.swift */,
			);
			path = Scene;
			sourceTree = "<group>";
		};
		FDF1E0AD2C94B7CF006D4EA0 /* BatalhaScene */ = {
			isa = PBXGroup;
			children = (
				FDF1E0A42C923540006D4EA0 /* BatalhaScene.swift */,
				FDC1FCFE2C94B9A500791D58 /* UIBatalhaScene.swift */,
			);
			path = BatalhaScene;
			sourceTree = "<group>";
		};
/* End PBXGroup section */

/* Begin PBXNativeTarget section */
		FDF1E0832C91B750006D4EA0 /* JourneyThroughCastleSky */ = {
			isa = PBXNativeTarget;
			buildConfigurationList = FDF1E0992C91B752006D4EA0 /* Build configuration list for PBXNativeTarget "JourneyThroughCastleSky" */;
			buildPhases = (
				FDF1E0802C91B750006D4EA0 /* Sources */,
				FDF1E0812C91B750006D4EA0 /* Frameworks */,
				FDF1E0822C91B750006D4EA0 /* Resources */,
			);
			buildRules = (
			);
			dependencies = (
			);
			name = JourneyThroughCastleSky;
			productName = JourneyThroughCastleSky;
			productReference = FDF1E0842C91B750006D4EA0 /* JourneyThroughCastleSky.app */;
			productType = "com.apple.product-type.application";
		};
/* End PBXNativeTarget section */

/* Begin PBXProject section */
		FDF1E07C2C91B750006D4EA0 /* Project object */ = {
			isa = PBXProject;
			attributes = {
				BuildIndependentTargetsInParallel = 1;
				LastSwiftUpdateCheck = 1540;
				LastUpgradeCheck = 1540;
				TargetAttributes = {
					FDF1E0832C91B750006D4EA0 = {
						CreatedOnToolsVersion = 15.4;
					};
				};
			};
			buildConfigurationList = FDF1E07F2C91B750006D4EA0 /* Build configuration list for PBXProject "JourneyThroughCastleSky" */;
			compatibilityVersion = "Xcode 14.0";
			developmentRegion = en;
			hasScannedForEncodings = 0;
			knownRegions = (
				en,
				Base,
			);
			mainGroup = FDF1E07B2C91B750006D4EA0;
			productRefGroup = FDF1E0852C91B750006D4EA0 /* Products */;
			projectDirPath = "";
			projectRoot = "";
			targets = (
				FDF1E0832C91B750006D4EA0 /* JourneyThroughCastleSky */,
			);
		};
/* End PBXProject section */

/* Begin PBXResourcesBuildPhase section */
		FDF1E0822C91B750006D4EA0 /* Resources */ = {
			isa = PBXResourcesBuildPhase;
			buildActionMask = 2147483647;
			files = (
				FDF1E08A2C91B750006D4EA0 /* GameScene.sks in Resources */,
				FDF1E0922C91B752006D4EA0 /* Assets.xcassets in Resources */,
				FDF1E08C2C91B750006D4EA0 /* Actions.sks in Resources */,
				FDF1E0952C91B752006D4EA0 /* Base in Resources */,
			);
			runOnlyForDeploymentPostprocessing = 0;
		};
/* End PBXResourcesBuildPhase section */

/* Begin PBXSourcesBuildPhase section */
		FDF1E0802C91B750006D4EA0 /* Sources */ = {
			isa = PBXSourcesBuildPhase;
			buildActionMask = 2147483647;
			files = (
				FD932AF92C9B56940047B5B7 /* ConsumableComponent.swift in Sources */,
				FD932AF72C9B56410047B5B7 /* Effect.swift in Sources */,
				FD932AF52C9B561B0047B5B7 /* InventoryComponent.swift in Sources */,
				FD932B012C9B57180047B5B7 /* InteractableComponent.swift in Sources */,
				FD932AFD2C9B56D90047B5B7 /* StaminaComponent.swift in Sources */,
				FDE3CF102CA48A1400D88620 /* TopDownScene_INVENTORY.swift in Sources */,
				FDE3CF052CA3413100D88620 /* ReadableComponent.swift in Sources */,
				FDF1E09E2C91B811006D4EA0 /* PositionHelper.swift in Sources */,
				FD932B0D2C9B591A0047B5B7 /* Enemy.swift in Sources */,
				FDF1E0902C91B750006D4EA0 /* ViewController.swift in Sources */,
				FDAD41FE2C9E104E0053A4B0 /* Friendly.swift in Sources */,
				FDAC55002C9A106300E90E17 /* Dialogo.swift in Sources */,
				FD932B032C9B572E0047B5B7 /* DialogueComponent.swift in Sources */,
				FDAD41FC2C9E05FE0053A4B0 /* GameState.swift in Sources */,
				FDE3CF142CA48B6200D88620 /* TopDownScene_ITEM-DESCRIPTION.swift in Sources */,
				FDF1E0A52C923540006D4EA0 /* BatalhaScene.swift in Sources */,
				FDF1E08E2C91B750006D4EA0 /* GameScene.swift in Sources */,
				98838C262CA486C600709648 /* BattleSystem.swift in Sources */,
				FD932AF12C9B55C70047B5B7 /* PositionComponent.swift in Sources */,
				FDE3CF072CA3422C00D88620 /* DescriptionToPass.swift in Sources */,
				FD932AFF2C9B56EE0047B5B7 /* SpriteComponent.swift in Sources */,
				FDAD41F62C9CB7D40053A4B0 /* MovementSystem.swift in Sources */,
				FDAD41F82C9CBA230053A4B0 /* ItemSystem.swift in Sources */,
				FD932B0B2C9B58DC0047B5B7 /* FighterComponent.swift in Sources */,
				98838C242CA4867900709648 /* Component.swift in Sources */,
				FDC1FCFF2C94B9A500791D58 /* UIBatalhaScene.swift in Sources */,
				FDAD41FA2C9E02540053A4B0 /* DialogSystem.swift in Sources */,
				FDE3CF0E2CA4899400D88620 /* TopDownScene_INPUT.swift in Sources */,
				FDE3CF122CA48ABB00D88620 /* TopDownScene_DIALOG-BOX.swift in Sources */,
				FD932AFB2C9B56C10047B5B7 /* HealthComponent.swift in Sources */,
				FD932AF32C9B55F20047B5B7 /* MovementComponent.swift in Sources */,
				FDF1E0A32C921D16006D4EA0 /* GameOverScene.swift in Sources */,
				FD932B0F2C9B5BCA0047B5B7 /* Item.swift in Sources */,
				FDF1E0AC2C938531006D4EA0 /* YouWinScene.swift in Sources */,
				FD932B092C9B57AA0047B5B7 /* User.swift in Sources */,
				98838C2A2CA487CD00709648 /* Entity.swift in Sources */,
				FDE3CF0C2CA4860C00D88620 /* TopDownScene_UI.swift in Sources */,
				FDF1E0882C91B750006D4EA0 /* AppDelegate.swift in Sources */,
				FD932B072C9B57860047B5B7 /* FightAIComponent.swift in Sources */,
				FD932B052C9B57620047B5B7 /* AffectedByEffect.swift in Sources */,
			);
			runOnlyForDeploymentPostprocessing = 0;
		};
/* End PBXSourcesBuildPhase section */

/* Begin PBXVariantGroup section */
		FDF1E0932C91B752006D4EA0 /* Main.storyboard */ = {
			isa = PBXVariantGroup;
			children = (
				FDF1E0942C91B752006D4EA0 /* Base */,
			);
			name = Main.storyboard;
			sourceTree = "<group>";
		};
/* End PBXVariantGroup section */

/* Begin XCBuildConfiguration section */
		FDF1E0972C91B752006D4EA0 /* Debug */ = {
			isa = XCBuildConfiguration;
			buildSettings = {
				ALWAYS_SEARCH_USER_PATHS = NO;
				ASSETCATALOG_COMPILER_GENERATE_SWIFT_ASSET_SYMBOL_EXTENSIONS = YES;
				CLANG_ANALYZER_NONNULL = YES;
				CLANG_ANALYZER_NUMBER_OBJECT_CONVERSION = YES_AGGRESSIVE;
				CLANG_CXX_LANGUAGE_STANDARD = "gnu++20";
				CLANG_ENABLE_MODULES = YES;
				CLANG_ENABLE_OBJC_ARC = YES;
				CLANG_ENABLE_OBJC_WEAK = YES;
				CLANG_WARN_BLOCK_CAPTURE_AUTORELEASING = YES;
				CLANG_WARN_BOOL_CONVERSION = YES;
				CLANG_WARN_COMMA = YES;
				CLANG_WARN_CONSTANT_CONVERSION = YES;
				CLANG_WARN_DEPRECATED_OBJC_IMPLEMENTATIONS = YES;
				CLANG_WARN_DIRECT_OBJC_ISA_USAGE = YES_ERROR;
				CLANG_WARN_DOCUMENTATION_COMMENTS = YES;
				CLANG_WARN_EMPTY_BODY = YES;
				CLANG_WARN_ENUM_CONVERSION = YES;
				CLANG_WARN_INFINITE_RECURSION = YES;
				CLANG_WARN_INT_CONVERSION = YES;
				CLANG_WARN_NON_LITERAL_NULL_CONVERSION = YES;
				CLANG_WARN_OBJC_IMPLICIT_RETAIN_SELF = YES;
				CLANG_WARN_OBJC_LITERAL_CONVERSION = YES;
				CLANG_WARN_OBJC_ROOT_CLASS = YES_ERROR;
				CLANG_WARN_QUOTED_INCLUDE_IN_FRAMEWORK_HEADER = YES;
				CLANG_WARN_RANGE_LOOP_ANALYSIS = YES;
				CLANG_WARN_STRICT_PROTOTYPES = YES;
				CLANG_WARN_SUSPICIOUS_MOVE = YES;
				CLANG_WARN_UNGUARDED_AVAILABILITY = YES_AGGRESSIVE;
				CLANG_WARN_UNREACHABLE_CODE = YES;
				CLANG_WARN__DUPLICATE_METHOD_MATCH = YES;
				COPY_PHASE_STRIP = NO;
				DEBUG_INFORMATION_FORMAT = dwarf;
				ENABLE_STRICT_OBJC_MSGSEND = YES;
				ENABLE_TESTABILITY = YES;
				ENABLE_USER_SCRIPT_SANDBOXING = YES;
				GCC_C_LANGUAGE_STANDARD = gnu17;
				GCC_DYNAMIC_NO_PIC = NO;
				GCC_NO_COMMON_BLOCKS = YES;
				GCC_OPTIMIZATION_LEVEL = 0;
				GCC_PREPROCESSOR_DEFINITIONS = (
					"DEBUG=1",
					"$(inherited)",
				);
				GCC_WARN_64_TO_32_BIT_CONVERSION = YES;
				GCC_WARN_ABOUT_RETURN_TYPE = YES_ERROR;
				GCC_WARN_UNDECLARED_SELECTOR = YES;
				GCC_WARN_UNINITIALIZED_AUTOS = YES_AGGRESSIVE;
				GCC_WARN_UNUSED_FUNCTION = YES;
				GCC_WARN_UNUSED_VARIABLE = YES;
				LOCALIZATION_PREFERS_STRING_CATALOGS = YES;
				MACOSX_DEPLOYMENT_TARGET = 14.5;
				MTL_ENABLE_DEBUG_INFO = INCLUDE_SOURCE;
				MTL_FAST_MATH = YES;
				ONLY_ACTIVE_ARCH = YES;
				SDKROOT = macosx;
				SWIFT_ACTIVE_COMPILATION_CONDITIONS = "DEBUG $(inherited)";
				SWIFT_OPTIMIZATION_LEVEL = "-Onone";
			};
			name = Debug;
		};
		FDF1E0982C91B752006D4EA0 /* Release */ = {
			isa = XCBuildConfiguration;
			buildSettings = {
				ALWAYS_SEARCH_USER_PATHS = NO;
				ASSETCATALOG_COMPILER_GENERATE_SWIFT_ASSET_SYMBOL_EXTENSIONS = YES;
				CLANG_ANALYZER_NONNULL = YES;
				CLANG_ANALYZER_NUMBER_OBJECT_CONVERSION = YES_AGGRESSIVE;
				CLANG_CXX_LANGUAGE_STANDARD = "gnu++20";
				CLANG_ENABLE_MODULES = YES;
				CLANG_ENABLE_OBJC_ARC = YES;
				CLANG_ENABLE_OBJC_WEAK = YES;
				CLANG_WARN_BLOCK_CAPTURE_AUTORELEASING = YES;
				CLANG_WARN_BOOL_CONVERSION = YES;
				CLANG_WARN_COMMA = YES;
				CLANG_WARN_CONSTANT_CONVERSION = YES;
				CLANG_WARN_DEPRECATED_OBJC_IMPLEMENTATIONS = YES;
				CLANG_WARN_DIRECT_OBJC_ISA_USAGE = YES_ERROR;
				CLANG_WARN_DOCUMENTATION_COMMENTS = YES;
				CLANG_WARN_EMPTY_BODY = YES;
				CLANG_WARN_ENUM_CONVERSION = YES;
				CLANG_WARN_INFINITE_RECURSION = YES;
				CLANG_WARN_INT_CONVERSION = YES;
				CLANG_WARN_NON_LITERAL_NULL_CONVERSION = YES;
				CLANG_WARN_OBJC_IMPLICIT_RETAIN_SELF = YES;
				CLANG_WARN_OBJC_LITERAL_CONVERSION = YES;
				CLANG_WARN_OBJC_ROOT_CLASS = YES_ERROR;
				CLANG_WARN_QUOTED_INCLUDE_IN_FRAMEWORK_HEADER = YES;
				CLANG_WARN_RANGE_LOOP_ANALYSIS = YES;
				CLANG_WARN_STRICT_PROTOTYPES = YES;
				CLANG_WARN_SUSPICIOUS_MOVE = YES;
				CLANG_WARN_UNGUARDED_AVAILABILITY = YES_AGGRESSIVE;
				CLANG_WARN_UNREACHABLE_CODE = YES;
				CLANG_WARN__DUPLICATE_METHOD_MATCH = YES;
				COPY_PHASE_STRIP = NO;
				DEBUG_INFORMATION_FORMAT = "dwarf-with-dsym";
				ENABLE_NS_ASSERTIONS = NO;
				ENABLE_STRICT_OBJC_MSGSEND = YES;
				ENABLE_USER_SCRIPT_SANDBOXING = YES;
				GCC_C_LANGUAGE_STANDARD = gnu17;
				GCC_NO_COMMON_BLOCKS = YES;
				GCC_WARN_64_TO_32_BIT_CONVERSION = YES;
				GCC_WARN_ABOUT_RETURN_TYPE = YES_ERROR;
				GCC_WARN_UNDECLARED_SELECTOR = YES;
				GCC_WARN_UNINITIALIZED_AUTOS = YES_AGGRESSIVE;
				GCC_WARN_UNUSED_FUNCTION = YES;
				GCC_WARN_UNUSED_VARIABLE = YES;
				LOCALIZATION_PREFERS_STRING_CATALOGS = YES;
				MACOSX_DEPLOYMENT_TARGET = 14.5;
				MTL_ENABLE_DEBUG_INFO = NO;
				MTL_FAST_MATH = YES;
				SDKROOT = macosx;
				SWIFT_COMPILATION_MODE = wholemodule;
			};
			name = Release;
		};
		FDF1E09A2C91B752006D4EA0 /* Debug */ = {
			isa = XCBuildConfiguration;
			buildSettings = {
				ASSETCATALOG_COMPILER_APPICON_NAME = AppIcon;
				ASSETCATALOG_COMPILER_GLOBAL_ACCENT_COLOR_NAME = AccentColor;
				CODE_SIGN_ENTITLEMENTS = JourneyThroughCastleSky/JourneyThroughCastleSky.entitlements;
				CODE_SIGN_STYLE = Automatic;
				COMBINE_HIDPI_IMAGES = YES;
				CURRENT_PROJECT_VERSION = 1;
				DEVELOPMENT_TEAM = M67J2XKW43;
				ENABLE_HARDENED_RUNTIME = YES;
				GENERATE_INFOPLIST_FILE = YES;
				INFOPLIST_KEY_NSHumanReadableCopyright = "";
				INFOPLIST_KEY_NSMainStoryboardFile = Main;
				INFOPLIST_KEY_NSPrincipalClass = NSApplication;
				LD_RUNPATH_SEARCH_PATHS = (
					"$(inherited)",
					"@executable_path/../Frameworks",
				);
				MARKETING_VERSION = 1.0;
				PRODUCT_BUNDLE_IDENTIFIER = com.caio.JourneyThroughCastleSky;
				PRODUCT_NAME = "$(TARGET_NAME)";
				SWIFT_EMIT_LOC_STRINGS = YES;
				SWIFT_VERSION = 5.0;
			};
			name = Debug;
		};
		FDF1E09B2C91B752006D4EA0 /* Release */ = {
			isa = XCBuildConfiguration;
			buildSettings = {
				ASSETCATALOG_COMPILER_APPICON_NAME = AppIcon;
				ASSETCATALOG_COMPILER_GLOBAL_ACCENT_COLOR_NAME = AccentColor;
				CODE_SIGN_ENTITLEMENTS = JourneyThroughCastleSky/JourneyThroughCastleSky.entitlements;
				CODE_SIGN_STYLE = Automatic;
				COMBINE_HIDPI_IMAGES = YES;
				CURRENT_PROJECT_VERSION = 1;
				DEVELOPMENT_TEAM = M67J2XKW43;
				ENABLE_HARDENED_RUNTIME = YES;
				GENERATE_INFOPLIST_FILE = YES;
				INFOPLIST_KEY_NSHumanReadableCopyright = "";
				INFOPLIST_KEY_NSMainStoryboardFile = Main;
				INFOPLIST_KEY_NSPrincipalClass = NSApplication;
				LD_RUNPATH_SEARCH_PATHS = (
					"$(inherited)",
					"@executable_path/../Frameworks",
				);
				MARKETING_VERSION = 1.0;
				PRODUCT_BUNDLE_IDENTIFIER = com.caio.JourneyThroughCastleSky;
				PRODUCT_NAME = "$(TARGET_NAME)";
				SWIFT_EMIT_LOC_STRINGS = YES;
				SWIFT_VERSION = 5.0;
			};
			name = Release;
		};
/* End XCBuildConfiguration section */

/* Begin XCConfigurationList section */
		FDF1E07F2C91B750006D4EA0 /* Build configuration list for PBXProject "JourneyThroughCastleSky" */ = {
			isa = XCConfigurationList;
			buildConfigurations = (
				FDF1E0972C91B752006D4EA0 /* Debug */,
				FDF1E0982C91B752006D4EA0 /* Release */,
			);
			defaultConfigurationIsVisible = 0;
			defaultConfigurationName = Release;
		};
		FDF1E0992C91B752006D4EA0 /* Build configuration list for PBXNativeTarget "JourneyThroughCastleSky" */ = {
			isa = XCConfigurationList;
			buildConfigurations = (
				FDF1E09A2C91B752006D4EA0 /* Debug */,
				FDF1E09B2C91B752006D4EA0 /* Release */,
			);
			defaultConfigurationIsVisible = 0;
			defaultConfigurationName = Release;
		};
/* End XCConfigurationList section */
	};
	rootObject = FDF1E07C2C91B750006D4EA0 /* Project object */;
}
