// !$*UTF8*$!
{
	archiveVersion = 1;
	classes = {
	};
	objectVersion = 70;
	objects = {

/* Begin PBXBuildFile section */
		43841E6C2CA72CB1009496B2 /* Component.swift in Sources */ = {isa = PBXBuildFile; fileRef = 43841E6B2CA72CB1009496B2 /* Component.swift */; };
		43841E6D2CA72CB1009496B2 /* Component.swift in Sources */ = {isa = PBXBuildFile; fileRef = 43841E6B2CA72CB1009496B2 /* Component.swift */; };
		43841E722CA72CDB009496B2 /* Entity.swift in Sources */ = {isa = PBXBuildFile; fileRef = 43841E712CA72CDB009496B2 /* Entity.swift */; };
		43841E732CA72CDB009496B2 /* Entity.swift in Sources */ = {isa = PBXBuildFile; fileRef = 43841E712CA72CDB009496B2 /* Entity.swift */; };
		43A88D472CB452E7008ACC2E /* CutsceneComponent.swift in Sources */ = {isa = PBXBuildFile; fileRef = 43A88D462CB452E7008ACC2E /* CutsceneComponent.swift */; };
		43A88D482CB452E7008ACC2E /* CutsceneComponent.swift in Sources */ = {isa = PBXBuildFile; fileRef = 43A88D462CB452E7008ACC2E /* CutsceneComponent.swift */; };
		43F0076F2CA72D8C0049590D /* PhysicCategory.swift in Sources */ = {isa = PBXBuildFile; fileRef = FDE3CF252CA4AD0700D88620 /* PhysicCategory.swift */; };
		43F007702CA72D8C0049590D /* PhysicCategory.swift in Sources */ = {isa = PBXBuildFile; fileRef = FDE3CF252CA4AD0700D88620 /* PhysicCategory.swift */; };
		43F007712CA72DDA0049590D /* MainSceneScene.swift in Sources */ = {isa = PBXBuildFile; fileRef = FDE3CF232CA4A9AA00D88620 /* MainSceneScene.swift */; };
		43F007722CA72DDA0049590D /* MainSceneScene.swift in Sources */ = {isa = PBXBuildFile; fileRef = FDE3CF232CA4A9AA00D88620 /* MainSceneScene.swift */; };
		985DD3E12CB86DD600E58612 /* Math.swift in Sources */ = {isa = PBXBuildFile; fileRef = 985DD3E02CB86DD400E58612 /* Math.swift */; };
		985DD3E22CB86DD600E58612 /* Math.swift in Sources */ = {isa = PBXBuildFile; fileRef = 985DD3E02CB86DD400E58612 /* Math.swift */; };
		985DD4072CB997DE00E58612 /* calabouço.webp in Resources */ = {isa = PBXBuildFile; fileRef = 985DD4052CB997DE00E58612 /* calabouço.webp */; };
		985DD4082CB997DE00E58612 /* hall-de-reliquias.webp in Resources */ = {isa = PBXBuildFile; fileRef = 985DD4062CB997DE00E58612 /* hall-de-reliquias.webp */; };
		985DD4092CB997DE00E58612 /* calabouço.webp in Resources */ = {isa = PBXBuildFile; fileRef = 985DD4052CB997DE00E58612 /* calabouço.webp */; };
		985DD40A2CB997DE00E58612 /* hall-de-reliquias.webp in Resources */ = {isa = PBXBuildFile; fileRef = 985DD4062CB997DE00E58612 /* hall-de-reliquias.webp */; };
		985DD40D2CB9981E00E58612 /* calabouço.jpeg in Resources */ = {isa = PBXBuildFile; fileRef = 985DD40B2CB9981E00E58612 /* calabouço.jpeg */; };
		985DD40E2CB9981E00E58612 /* hall-de-reliquias.jpeg in Resources */ = {isa = PBXBuildFile; fileRef = 985DD40C2CB9981E00E58612 /* hall-de-reliquias.jpeg */; };
		985DD40F2CB9981E00E58612 /* calabouço.jpeg in Resources */ = {isa = PBXBuildFile; fileRef = 985DD40B2CB9981E00E58612 /* calabouço.jpeg */; };
		985DD4102CB9981E00E58612 /* hall-de-reliquias.jpeg in Resources */ = {isa = PBXBuildFile; fileRef = 985DD40C2CB9981E00E58612 /* hall-de-reliquias.jpeg */; };
		985DD4152CB9987400E58612 /* HallOfRelics.sks in Resources */ = {isa = PBXBuildFile; fileRef = 985DD4142CB9987400E58612 /* HallOfRelics.sks */; };
		985DD4162CB9987400E58612 /* HallOfRelics.sks in Resources */ = {isa = PBXBuildFile; fileRef = 985DD4142CB9987400E58612 /* HallOfRelics.sks */; };
		985DD4182CB9A60B00E58612 /* Dungeon.sks in Resources */ = {isa = PBXBuildFile; fileRef = 985DD4172CB9A60B00E58612 /* Dungeon.sks */; };
		985DD4192CB9A60B00E58612 /* Dungeon.sks in Resources */ = {isa = PBXBuildFile; fileRef = 985DD4172CB9A60B00E58612 /* Dungeon.sks */; };
		986032892CB717DE00D8ECD2 /* MainHall.sks in Resources */ = {isa = PBXBuildFile; fileRef = 986032882CB717DE00D8ECD2 /* MainHall.sks */; };
		9860328A2CB717DE00D8ECD2 /* MainHall.sks in Resources */ = {isa = PBXBuildFile; fileRef = 986032882CB717DE00D8ECD2 /* MainHall.sks */; };
		9860328F2CB7185500D8ECD2 /* MyTileSet.sks in Resources */ = {isa = PBXBuildFile; fileRef = 9860328E2CB7185500D8ECD2 /* MyTileSet.sks */; };
		986032902CB7185500D8ECD2 /* MyTileSet.sks in Resources */ = {isa = PBXBuildFile; fileRef = 9860328E2CB7185500D8ECD2 /* MyTileSet.sks */; };
		986032922CB7194E00D8ECD2 /* PlaceholderTileset.jpg in Resources */ = {isa = PBXBuildFile; fileRef = 986032912CB7194E00D8ECD2 /* PlaceholderTileset.jpg */; };
		986032932CB7194E00D8ECD2 /* PlaceholderTileset.jpg in Resources */ = {isa = PBXBuildFile; fileRef = 986032912CB7194E00D8ECD2 /* PlaceholderTileset.jpg */; };
		986032952CB71B7500D8ECD2 /* PlaceholderTilesetRed.jpg in Resources */ = {isa = PBXBuildFile; fileRef = 986032942CB71B7500D8ECD2 /* PlaceholderTilesetRed.jpg */; };
		986032962CB71B7500D8ECD2 /* PlaceholderTilesetRed.jpg in Resources */ = {isa = PBXBuildFile; fileRef = 986032942CB71B7500D8ECD2 /* PlaceholderTilesetRed.jpg */; };
		986032A92CB8689800D8ECD2 /* CGSize.swift in Sources */ = {isa = PBXBuildFile; fileRef = 986032A82CB8689300D8ECD2 /* CGSize.swift */; };
		986032AA2CB8689800D8ECD2 /* CGSize.swift in Sources */ = {isa = PBXBuildFile; fileRef = 986032A82CB8689300D8ECD2 /* CGSize.swift */; };
		98838C262CA486C600709648 /* CombatSystem.swift in Sources */ = {isa = PBXBuildFile; fileRef = 98838C252CA486C600709648 /* CombatSystem.swift */; };
		98838C2E2CA4A65C00709648 /* Skill.swift in Sources */ = {isa = PBXBuildFile; fileRef = 98838C2D2CA4A65C00709648 /* Skill.swift */; };
		98838C312CA4A72300709648 /* IncreaseStrengthSkill.swift in Sources */ = {isa = PBXBuildFile; fileRef = 98838C302CA4A72300709648 /* IncreaseStrengthSkill.swift */; };
		98838C332CA5CE4A00709648 /* SkillComponent.swift in Sources */ = {isa = PBXBuildFile; fileRef = 98838C322CA5CE4A00709648 /* SkillComponent.swift */; };
		98838C492CA5D8EC00709648 /* TopDownScene.swift in Sources */ = {isa = PBXBuildFile; fileRef = 98838C482CA5D8E300709648 /* TopDownScene.swift */; };
		98838C4B2CA5DB8300709648 /* Enemy.swift in Sources */ = {isa = PBXBuildFile; fileRef = FD932B0C2C9B591A0047B5B7 /* Enemy.swift */; };
		98838C4D2CA5DC6100709648 /* FightAIComponent.swift in Sources */ = {isa = PBXBuildFile; fileRef = FD932B062C9B57860047B5B7 /* FightAIComponent.swift */; };
		98838C4E2CA5DC6100709648 /* FighterComponent.swift in Sources */ = {isa = PBXBuildFile; fileRef = FD932B0A2C9B58DC0047B5B7 /* FighterComponent.swift */; };
		98838C4F2CA5DC6100709648 /* PositionComponent.swift in Sources */ = {isa = PBXBuildFile; fileRef = FD932AF02C9B55C70047B5B7 /* PositionComponent.swift */; };
		98838C502CA5DC6100709648 /* AffectedByEffect.swift in Sources */ = {isa = PBXBuildFile; fileRef = FD932B042C9B57620047B5B7 /* AffectedByEffect.swift */; };
		98838C512CA5DC6100709648 /* StaminaComponent.swift in Sources */ = {isa = PBXBuildFile; fileRef = FD932AFC2C9B56D90047B5B7 /* StaminaComponent.swift */; };
		98838C522CA5DC6100709648 /* ConsumableComponent.swift in Sources */ = {isa = PBXBuildFile; fileRef = FD932AF82C9B56940047B5B7 /* ConsumableComponent.swift */; };
		98838C532CA5DC6100709648 /* SpriteComponent.swift in Sources */ = {isa = PBXBuildFile; fileRef = FD932AFE2C9B56EE0047B5B7 /* SpriteComponent.swift */; };
		98838C542CA5DC6100709648 /* ReadableComponent.swift in Sources */ = {isa = PBXBuildFile; fileRef = FDE3CF042CA3413100D88620 /* ReadableComponent.swift */; };
		98838C552CA5DC6100709648 /* SkillComponent.swift in Sources */ = {isa = PBXBuildFile; fileRef = 98838C322CA5CE4A00709648 /* SkillComponent.swift */; };
		98838C562CA5DC6100709648 /* InteractableComponent.swift in Sources */ = {isa = PBXBuildFile; fileRef = FD932B002C9B57180047B5B7 /* InteractableComponent.swift */; };
		98838C572CA5DC6100709648 /* InventoryComponent.swift in Sources */ = {isa = PBXBuildFile; fileRef = FD932AF42C9B561B0047B5B7 /* InventoryComponent.swift */; };
		98838C582CA5DC6100709648 /* DialogueComponent.swift in Sources */ = {isa = PBXBuildFile; fileRef = FD932B022C9B572E0047B5B7 /* DialogueComponent.swift */; };
		98838C592CA5DC6100709648 /* HealthComponent.swift in Sources */ = {isa = PBXBuildFile; fileRef = FD932AFA2C9B56C10047B5B7 /* HealthComponent.swift */; };
		98838C5A2CA5DC6100709648 /* MovementComponent.swift in Sources */ = {isa = PBXBuildFile; fileRef = FD932AF22C9B55F20047B5B7 /* MovementComponent.swift */; };
		98838C5B2CA5DC8000709648 /* Skill.swift in Sources */ = {isa = PBXBuildFile; fileRef = 98838C2D2CA4A65C00709648 /* Skill.swift */; };
		98838C5C2CA5DC8000709648 /* IncreaseStrengthSkill.swift in Sources */ = {isa = PBXBuildFile; fileRef = 98838C302CA4A72300709648 /* IncreaseStrengthSkill.swift */; };
		98838C5D2CA5DC8600709648 /* Item.swift in Sources */ = {isa = PBXBuildFile; fileRef = FD932B0E2C9B5BCA0047B5B7 /* Item.swift */; };
		98838C5F2CA5DC8600709648 /* Friendly.swift in Sources */ = {isa = PBXBuildFile; fileRef = FDAD41FD2C9E104E0053A4B0 /* Friendly.swift */; };
		98838C602CA5DC8600709648 /* User.swift in Sources */ = {isa = PBXBuildFile; fileRef = FD932B082C9B57AA0047B5B7 /* User.swift */; };
		98838C612CA5DC8C00709648 /* DescriptionToPass.swift in Sources */ = {isa = PBXBuildFile; fileRef = FDE3CF062CA3422C00D88620 /* DescriptionToPass.swift */; };
		98838C622CA5DC8C00709648 /* Effect.swift in Sources */ = {isa = PBXBuildFile; fileRef = FD932AF62C9B56410047B5B7 /* Effect.swift */; };
		98838C632CA5DC8C00709648 /* Dialogo.swift in Sources */ = {isa = PBXBuildFile; fileRef = FDAC54FF2C9A106300E90E17 /* Dialogo.swift */; };
		98838C642CA5DC8C00709648 /* GameState.swift in Sources */ = {isa = PBXBuildFile; fileRef = FDAD41FB2C9E05FE0053A4B0 /* GameState.swift */; };
		98838C652CA5DC9000709648 /* TopDownScene_DIALOG-BOX.swift in Sources */ = {isa = PBXBuildFile; fileRef = FDE3CF112CA48ABB00D88620 /* TopDownScene_DIALOG-BOX.swift */; };
		98838C662CA5DC9000709648 /* TopDownScene.swift in Sources */ = {isa = PBXBuildFile; fileRef = 98838C482CA5D8E300709648 /* TopDownScene.swift */; };
		98838C672CA5DC9000709648 /* TopDownScene_INVENTORY.swift in Sources */ = {isa = PBXBuildFile; fileRef = FDE3CF0F2CA48A1400D88620 /* TopDownScene_INVENTORY.swift */; };
		98838C682CA5DC9000709648 /* TopDownScene_INPUT.swift in Sources */ = {isa = PBXBuildFile; fileRef = FDE3CF0D2CA4899400D88620 /* TopDownScene_INPUT.swift */; };
		98838C692CA5DC9000709648 /* TopDownScene_ITEM-DESCRIPTION.swift in Sources */ = {isa = PBXBuildFile; fileRef = FDE3CF132CA48B6200D88620 /* TopDownScene_ITEM-DESCRIPTION.swift */; };
		98838C6A2CA5DC9000709648 /* TopDownScene_UI.swift in Sources */ = {isa = PBXBuildFile; fileRef = FDE3CF0B2CA4860C00D88620 /* TopDownScene_UI.swift */; };
		98838C6B2CA5DC9500709648 /* GameScene.swift in Sources */ = {isa = PBXBuildFile; fileRef = FDF1E08D2C91B750006D4EA0 /* GameScene.swift */; };
		98838C6C2CA5DC9A00709648 /* UIBatalhaScene.swift in Sources */ = {isa = PBXBuildFile; fileRef = FDC1FCFE2C94B9A500791D58 /* UIBatalhaScene.swift */; };
		98838C6D2CA5DC9A00709648 /* BatalhaScene.swift in Sources */ = {isa = PBXBuildFile; fileRef = FDF1E0A42C923540006D4EA0 /* BatalhaScene.swift */; };
		98838C6E2CA5DC9E00709648 /* YouWinScene.swift in Sources */ = {isa = PBXBuildFile; fileRef = FDF1E0AB2C938531006D4EA0 /* YouWinScene.swift */; };
		98838C6F2CA5DC9E00709648 /* GameOverScene.swift in Sources */ = {isa = PBXBuildFile; fileRef = FDF1E0A22C921D16006D4EA0 /* GameOverScene.swift */; };
		98838C732CA5E09800709648 /* DialogSystem.swift in Sources */ = {isa = PBXBuildFile; fileRef = FDAD41F92C9E02540053A4B0 /* DialogSystem.swift */; };
		98838C742CA5E09800709648 /* MovementSystem.swift in Sources */ = {isa = PBXBuildFile; fileRef = FDAD41F52C9CB7D40053A4B0 /* MovementSystem.swift */; };
		98838C752CA5E09800709648 /* CombatSystem.swift in Sources */ = {isa = PBXBuildFile; fileRef = 98838C252CA486C600709648 /* CombatSystem.swift */; };
		98838C762CA5E09800709648 /* ItemSystem.swift in Sources */ = {isa = PBXBuildFile; fileRef = FDAD41F72C9CBA230053A4B0 /* ItemSystem.swift */; };
		98838C772CA5E0A900709648 /* PositionHelper.swift in Sources */ = {isa = PBXBuildFile; fileRef = FDF1E09D2C91B811006D4EA0 /* PositionHelper.swift */; };
		FD189C2F2CB06E21008EDA53 /* MainHallScene.sks in Resources */ = {isa = PBXBuildFile; fileRef = FD189C2E2CB06E21008EDA53 /* MainHallScene.sks */; };
		FD189C302CB06E21008EDA53 /* MainHallScene.sks in Resources */ = {isa = PBXBuildFile; fileRef = FD189C2E2CB06E21008EDA53 /* MainHallScene.sks */; };
		FD932AF12C9B55C70047B5B7 /* PositionComponent.swift in Sources */ = {isa = PBXBuildFile; fileRef = FD932AF02C9B55C70047B5B7 /* PositionComponent.swift */; };
		FD932AF32C9B55F20047B5B7 /* MovementComponent.swift in Sources */ = {isa = PBXBuildFile; fileRef = FD932AF22C9B55F20047B5B7 /* MovementComponent.swift */; };
		FD932AF52C9B561B0047B5B7 /* InventoryComponent.swift in Sources */ = {isa = PBXBuildFile; fileRef = FD932AF42C9B561B0047B5B7 /* InventoryComponent.swift */; };
		FD932AF72C9B56410047B5B7 /* Effect.swift in Sources */ = {isa = PBXBuildFile; fileRef = FD932AF62C9B56410047B5B7 /* Effect.swift */; };
		FD932AF92C9B56940047B5B7 /* ConsumableComponent.swift in Sources */ = {isa = PBXBuildFile; fileRef = FD932AF82C9B56940047B5B7 /* ConsumableComponent.swift */; };
		FD932AFB2C9B56C10047B5B7 /* HealthComponent.swift in Sources */ = {isa = PBXBuildFile; fileRef = FD932AFA2C9B56C10047B5B7 /* HealthComponent.swift */; };
		FD932AFD2C9B56D90047B5B7 /* StaminaComponent.swift in Sources */ = {isa = PBXBuildFile; fileRef = FD932AFC2C9B56D90047B5B7 /* StaminaComponent.swift */; };
		FD932AFF2C9B56EE0047B5B7 /* SpriteComponent.swift in Sources */ = {isa = PBXBuildFile; fileRef = FD932AFE2C9B56EE0047B5B7 /* SpriteComponent.swift */; };
		FD932B012C9B57180047B5B7 /* InteractableComponent.swift in Sources */ = {isa = PBXBuildFile; fileRef = FD932B002C9B57180047B5B7 /* InteractableComponent.swift */; };
		FD932B032C9B572E0047B5B7 /* DialogueComponent.swift in Sources */ = {isa = PBXBuildFile; fileRef = FD932B022C9B572E0047B5B7 /* DialogueComponent.swift */; };
		FD932B052C9B57620047B5B7 /* AffectedByEffect.swift in Sources */ = {isa = PBXBuildFile; fileRef = FD932B042C9B57620047B5B7 /* AffectedByEffect.swift */; };
		FD932B072C9B57860047B5B7 /* FightAIComponent.swift in Sources */ = {isa = PBXBuildFile; fileRef = FD932B062C9B57860047B5B7 /* FightAIComponent.swift */; };
		FD932B092C9B57AA0047B5B7 /* User.swift in Sources */ = {isa = PBXBuildFile; fileRef = FD932B082C9B57AA0047B5B7 /* User.swift */; };
		FD932B0B2C9B58DC0047B5B7 /* FighterComponent.swift in Sources */ = {isa = PBXBuildFile; fileRef = FD932B0A2C9B58DC0047B5B7 /* FighterComponent.swift */; };
		FD932B0D2C9B591A0047B5B7 /* Enemy.swift in Sources */ = {isa = PBXBuildFile; fileRef = FD932B0C2C9B591A0047B5B7 /* Enemy.swift */; };
		FD932B0F2C9B5BCA0047B5B7 /* Item.swift in Sources */ = {isa = PBXBuildFile; fileRef = FD932B0E2C9B5BCA0047B5B7 /* Item.swift */; };
		FDAC55002C9A106300E90E17 /* Dialogo.swift in Sources */ = {isa = PBXBuildFile; fileRef = FDAC54FF2C9A106300E90E17 /* Dialogo.swift */; };
		FDAD41F62C9CB7D40053A4B0 /* MovementSystem.swift in Sources */ = {isa = PBXBuildFile; fileRef = FDAD41F52C9CB7D40053A4B0 /* MovementSystem.swift */; };
		FDAD41F82C9CBA230053A4B0 /* ItemSystem.swift in Sources */ = {isa = PBXBuildFile; fileRef = FDAD41F72C9CBA230053A4B0 /* ItemSystem.swift */; };
		FDAD41FA2C9E02540053A4B0 /* DialogSystem.swift in Sources */ = {isa = PBXBuildFile; fileRef = FDAD41F92C9E02540053A4B0 /* DialogSystem.swift */; };
		FDAD41FC2C9E05FE0053A4B0 /* GameState.swift in Sources */ = {isa = PBXBuildFile; fileRef = FDAD41FB2C9E05FE0053A4B0 /* GameState.swift */; };
		FDAD41FE2C9E104E0053A4B0 /* Friendly.swift in Sources */ = {isa = PBXBuildFile; fileRef = FDAD41FD2C9E104E0053A4B0 /* Friendly.swift */; };
		FDB27A282CAB215A002B2848 /* FriendlySystem.swift in Sources */ = {isa = PBXBuildFile; fileRef = FDB27A272CAB215A002B2848 /* FriendlySystem.swift */; };
		FDB27A292CAB215A002B2848 /* FriendlySystem.swift in Sources */ = {isa = PBXBuildFile; fileRef = FDB27A272CAB215A002B2848 /* FriendlySystem.swift */; };
		FDB27A422CADC163002B2848 /* PauseMenu.swift in Sources */ = {isa = PBXBuildFile; fileRef = FDB27A412CADC163002B2848 /* PauseMenu.swift */; };
		FDC1FCFF2C94B9A500791D58 /* UIBatalhaScene.swift in Sources */ = {isa = PBXBuildFile; fileRef = FDC1FCFE2C94B9A500791D58 /* UIBatalhaScene.swift */; };
		FDD5F9962CB4577300A1647B /* MenuSystem.swift in Sources */ = {isa = PBXBuildFile; fileRef = FDD5F9952CB4577300A1647B /* MenuSystem.swift */; };
		FDD5F9972CB4577300A1647B /* MenuSystem.swift in Sources */ = {isa = PBXBuildFile; fileRef = FDD5F9952CB4577300A1647B /* MenuSystem.swift */; };
		FDD5F9992CB45CB600A1647B /* InventorySystem.swift in Sources */ = {isa = PBXBuildFile; fileRef = FDD5F9982CB45CB600A1647B /* InventorySystem.swift */; };
		FDD5F99A2CB45CB600A1647B /* InventorySystem.swift in Sources */ = {isa = PBXBuildFile; fileRef = FDD5F9982CB45CB600A1647B /* InventorySystem.swift */; };
		FDD5F99C2CB45D6600A1647B /* PositionSystem.swift in Sources */ = {isa = PBXBuildFile; fileRef = FDD5F99B2CB45D6600A1647B /* PositionSystem.swift */; };
		FDD5F99D2CB45D6600A1647B /* PositionSystem.swift in Sources */ = {isa = PBXBuildFile; fileRef = FDD5F99B2CB45D6600A1647B /* PositionSystem.swift */; };
		FDD5F9A02CB86CFF00A1647B /* GameSceneData.swift in Sources */ = {isa = PBXBuildFile; fileRef = FDD5F99F2CB86CFF00A1647B /* GameSceneData.swift */; };
		FDD5F9A12CB86CFF00A1647B /* GameSceneData.swift in Sources */ = {isa = PBXBuildFile; fileRef = FDD5F99F2CB86CFF00A1647B /* GameSceneData.swift */; };
		FDE3CF052CA3413100D88620 /* ReadableComponent.swift in Sources */ = {isa = PBXBuildFile; fileRef = FDE3CF042CA3413100D88620 /* ReadableComponent.swift */; };
		FDE3CF072CA3422C00D88620 /* DescriptionToPass.swift in Sources */ = {isa = PBXBuildFile; fileRef = FDE3CF062CA3422C00D88620 /* DescriptionToPass.swift */; };
		FDE3CF0C2CA4860C00D88620 /* TopDownScene_UI.swift in Sources */ = {isa = PBXBuildFile; fileRef = FDE3CF0B2CA4860C00D88620 /* TopDownScene_UI.swift */; };
		FDE3CF0E2CA4899400D88620 /* TopDownScene_INPUT.swift in Sources */ = {isa = PBXBuildFile; fileRef = FDE3CF0D2CA4899400D88620 /* TopDownScene_INPUT.swift */; };
		FDE3CF102CA48A1400D88620 /* TopDownScene_INVENTORY.swift in Sources */ = {isa = PBXBuildFile; fileRef = FDE3CF0F2CA48A1400D88620 /* TopDownScene_INVENTORY.swift */; };
		FDE3CF122CA48ABB00D88620 /* TopDownScene_DIALOG-BOX.swift in Sources */ = {isa = PBXBuildFile; fileRef = FDE3CF112CA48ABB00D88620 /* TopDownScene_DIALOG-BOX.swift */; };
		FDE3CF142CA48B6200D88620 /* TopDownScene_ITEM-DESCRIPTION.swift in Sources */ = {isa = PBXBuildFile; fileRef = FDE3CF132CA48B6200D88620 /* TopDownScene_ITEM-DESCRIPTION.swift */; };
		FDE3CF282CA5F56400D88620 /* Wall.swift in Sources */ = {isa = PBXBuildFile; fileRef = FDE3CF272CA5F56400D88620 /* Wall.swift */; };
		FDE3CF2B2CA5FD7900D88620 /* Checkpoint.swift in Sources */ = {isa = PBXBuildFile; fileRef = FDE3CF2A2CA5FD7900D88620 /* Checkpoint.swift */; };
		FDE3CF302CA5FE1400D88620 /* UIComponent.swift in Sources */ = {isa = PBXBuildFile; fileRef = FDE3CF2F2CA5FE1400D88620 /* UIComponent.swift */; };
		FDF1E0882C91B750006D4EA0 /* AppDelegate.swift in Sources */ = {isa = PBXBuildFile; fileRef = FDF1E0872C91B750006D4EA0 /* AppDelegate.swift */; };
		FDF1E08A2C91B750006D4EA0 /* GameScene.sks in Resources */ = {isa = PBXBuildFile; fileRef = FDF1E0892C91B750006D4EA0 /* GameScene.sks */; };
		FDF1E08C2C91B750006D4EA0 /* Actions.sks in Resources */ = {isa = PBXBuildFile; fileRef = FDF1E08B2C91B750006D4EA0 /* Actions.sks */; };
		FDF1E08E2C91B750006D4EA0 /* GameScene.swift in Sources */ = {isa = PBXBuildFile; fileRef = FDF1E08D2C91B750006D4EA0 /* GameScene.swift */; };
		FDF1E0902C91B750006D4EA0 /* ViewController.swift in Sources */ = {isa = PBXBuildFile; fileRef = FDF1E08F2C91B750006D4EA0 /* ViewController.swift */; };
		FDF1E0922C91B752006D4EA0 /* Assets.xcassets in Resources */ = {isa = PBXBuildFile; fileRef = FDF1E0912C91B752006D4EA0 /* Assets.xcassets */; };
		FDF1E0952C91B752006D4EA0 /* Base in Resources */ = {isa = PBXBuildFile; fileRef = FDF1E0942C91B752006D4EA0 /* Base */; };
		FDF1E09E2C91B811006D4EA0 /* PositionHelper.swift in Sources */ = {isa = PBXBuildFile; fileRef = FDF1E09D2C91B811006D4EA0 /* PositionHelper.swift */; };
		FDF1E0A32C921D16006D4EA0 /* GameOverScene.swift in Sources */ = {isa = PBXBuildFile; fileRef = FDF1E0A22C921D16006D4EA0 /* GameOverScene.swift */; };
		FDF1E0A52C923540006D4EA0 /* BatalhaScene.swift in Sources */ = {isa = PBXBuildFile; fileRef = FDF1E0A42C923540006D4EA0 /* BatalhaScene.swift */; };
		FDF1E0AC2C938531006D4EA0 /* YouWinScene.swift in Sources */ = {isa = PBXBuildFile; fileRef = FDF1E0AB2C938531006D4EA0 /* YouWinScene.swift */; };
/* End PBXBuildFile section */

/* Begin PBXContainerItemProxy section */
		98838C402CA5D62D00709648 /* PBXContainerItemProxy */ = {
			isa = PBXContainerItemProxy;
			containerPortal = FDF1E07C2C91B750006D4EA0 /* Project object */;
			proxyType = 1;
			remoteGlobalIDString = FDF1E0832C91B750006D4EA0;
			remoteInfo = JourneyThroughCastleSky;
		};
/* End PBXContainerItemProxy section */

/* Begin PBXFileReference section */
		43841E6B2CA72CB1009496B2 /* Component.swift */ = {isa = PBXFileReference; lastKnownFileType = sourcecode.swift; path = Component.swift; sourceTree = "<group>"; };
		43841E712CA72CDB009496B2 /* Entity.swift */ = {isa = PBXFileReference; lastKnownFileType = sourcecode.swift; path = Entity.swift; sourceTree = "<group>"; };
		43A88D462CB452E7008ACC2E /* CutsceneComponent.swift */ = {isa = PBXFileReference; lastKnownFileType = sourcecode.swift; path = CutsceneComponent.swift; sourceTree = "<group>"; };
		985DD3E02CB86DD400E58612 /* Math.swift */ = {isa = PBXFileReference; lastKnownFileType = sourcecode.swift; path = Math.swift; sourceTree = "<group>"; };
		985DD4052CB997DE00E58612 /* calabouço.webp */ = {isa = PBXFileReference; lastKnownFileType = file; path = "calabouço.webp"; sourceTree = "<group>"; };
		985DD4062CB997DE00E58612 /* hall-de-reliquias.webp */ = {isa = PBXFileReference; lastKnownFileType = file; path = "hall-de-reliquias.webp"; sourceTree = "<group>"; };
		985DD40B2CB9981E00E58612 /* calabouço.jpeg */ = {isa = PBXFileReference; lastKnownFileType = image.jpeg; path = "calabouço.jpeg"; sourceTree = "<group>"; };
		985DD40C2CB9981E00E58612 /* hall-de-reliquias.jpeg */ = {isa = PBXFileReference; lastKnownFileType = image.jpeg; path = "hall-de-reliquias.jpeg"; sourceTree = "<group>"; };
		985DD4142CB9987400E58612 /* HallOfRelics.sks */ = {isa = PBXFileReference; lastKnownFileType = file.sks; name = HallOfRelics.sks; path = JourneyThroughCastleSky/HallOfRelics.sks; sourceTree = SOURCE_ROOT; };
		985DD4172CB9A60B00E58612 /* Dungeon.sks */ = {isa = PBXFileReference; lastKnownFileType = file.sks; path = Dungeon.sks; sourceTree = "<group>"; };
		986032882CB717DE00D8ECD2 /* MainHall.sks */ = {isa = PBXFileReference; lastKnownFileType = file.sks; path = MainHall.sks; sourceTree = "<group>"; };
		9860328E2CB7185500D8ECD2 /* MyTileSet.sks */ = {isa = PBXFileReference; lastKnownFileType = file.sks; path = MyTileSet.sks; sourceTree = "<group>"; };
		986032912CB7194E00D8ECD2 /* PlaceholderTileset.jpg */ = {isa = PBXFileReference; lastKnownFileType = image.jpeg; path = PlaceholderTileset.jpg; sourceTree = "<group>"; };
		986032942CB71B7500D8ECD2 /* PlaceholderTilesetRed.jpg */ = {isa = PBXFileReference; lastKnownFileType = image.jpeg; path = PlaceholderTilesetRed.jpg; sourceTree = "<group>"; };
		986032A82CB8689300D8ECD2 /* CGSize.swift */ = {isa = PBXFileReference; lastKnownFileType = sourcecode.swift; path = CGSize.swift; sourceTree = "<group>"; };
		98838C252CA486C600709648 /* CombatSystem.swift */ = {isa = PBXFileReference; lastKnownFileType = sourcecode.swift; path = CombatSystem.swift; sourceTree = "<group>"; };
		98838C2D2CA4A65C00709648 /* Skill.swift */ = {isa = PBXFileReference; lastKnownFileType = sourcecode.swift; path = Skill.swift; sourceTree = "<group>"; };
		98838C302CA4A72300709648 /* IncreaseStrengthSkill.swift */ = {isa = PBXFileReference; lastKnownFileType = sourcecode.swift; path = IncreaseStrengthSkill.swift; sourceTree = "<group>"; };
		98838C322CA5CE4A00709648 /* SkillComponent.swift */ = {isa = PBXFileReference; lastKnownFileType = sourcecode.swift; path = SkillComponent.swift; sourceTree = "<group>"; };
		98838C3C2CA5D62D00709648 /* JourneyThroughCastleSkyTests.xctest */ = {isa = PBXFileReference; explicitFileType = wrapper.cfbundle; includeInIndex = 0; path = JourneyThroughCastleSkyTests.xctest; sourceTree = BUILT_PRODUCTS_DIR; };
		98838C482CA5D8E300709648 /* TopDownScene.swift */ = {isa = PBXFileReference; lastKnownFileType = sourcecode.swift; path = TopDownScene.swift; sourceTree = "<group>"; };
		FD189C2E2CB06E21008EDA53 /* MainHallScene.sks */ = {isa = PBXFileReference; lastKnownFileType = file.sks; path = MainHallScene.sks; sourceTree = "<group>"; };
		FD932AF02C9B55C70047B5B7 /* PositionComponent.swift */ = {isa = PBXFileReference; lastKnownFileType = sourcecode.swift; path = PositionComponent.swift; sourceTree = "<group>"; };
		FD932AF22C9B55F20047B5B7 /* MovementComponent.swift */ = {isa = PBXFileReference; lastKnownFileType = sourcecode.swift; path = MovementComponent.swift; sourceTree = "<group>"; };
		FD932AF42C9B561B0047B5B7 /* InventoryComponent.swift */ = {isa = PBXFileReference; lastKnownFileType = sourcecode.swift; path = InventoryComponent.swift; sourceTree = "<group>"; };
		FD932AF62C9B56410047B5B7 /* Effect.swift */ = {isa = PBXFileReference; lastKnownFileType = sourcecode.swift; path = Effect.swift; sourceTree = "<group>"; };
		FD932AF82C9B56940047B5B7 /* ConsumableComponent.swift */ = {isa = PBXFileReference; lastKnownFileType = sourcecode.swift; path = ConsumableComponent.swift; sourceTree = "<group>"; };
		FD932AFA2C9B56C10047B5B7 /* HealthComponent.swift */ = {isa = PBXFileReference; lastKnownFileType = sourcecode.swift; path = HealthComponent.swift; sourceTree = "<group>"; };
		FD932AFC2C9B56D90047B5B7 /* StaminaComponent.swift */ = {isa = PBXFileReference; lastKnownFileType = sourcecode.swift; path = StaminaComponent.swift; sourceTree = "<group>"; };
		FD932AFE2C9B56EE0047B5B7 /* SpriteComponent.swift */ = {isa = PBXFileReference; lastKnownFileType = sourcecode.swift; path = SpriteComponent.swift; sourceTree = "<group>"; };
		FD932B002C9B57180047B5B7 /* InteractableComponent.swift */ = {isa = PBXFileReference; lastKnownFileType = sourcecode.swift; path = InteractableComponent.swift; sourceTree = "<group>"; };
		FD932B022C9B572E0047B5B7 /* DialogueComponent.swift */ = {isa = PBXFileReference; lastKnownFileType = sourcecode.swift; path = DialogueComponent.swift; sourceTree = "<group>"; };
		FD932B042C9B57620047B5B7 /* AffectedByEffect.swift */ = {isa = PBXFileReference; lastKnownFileType = sourcecode.swift; path = AffectedByEffect.swift; sourceTree = "<group>"; };
		FD932B062C9B57860047B5B7 /* FightAIComponent.swift */ = {isa = PBXFileReference; lastKnownFileType = sourcecode.swift; path = FightAIComponent.swift; sourceTree = "<group>"; };
		FD932B082C9B57AA0047B5B7 /* User.swift */ = {isa = PBXFileReference; lastKnownFileType = sourcecode.swift; path = User.swift; sourceTree = "<group>"; };
		FD932B0A2C9B58DC0047B5B7 /* FighterComponent.swift */ = {isa = PBXFileReference; lastKnownFileType = sourcecode.swift; path = FighterComponent.swift; sourceTree = "<group>"; };
		FD932B0C2C9B591A0047B5B7 /* Enemy.swift */ = {isa = PBXFileReference; lastKnownFileType = sourcecode.swift; path = Enemy.swift; sourceTree = "<group>"; };
		FD932B0E2C9B5BCA0047B5B7 /* Item.swift */ = {isa = PBXFileReference; lastKnownFileType = sourcecode.swift; path = Item.swift; sourceTree = "<group>"; };
		FDAC54FF2C9A106300E90E17 /* Dialogo.swift */ = {isa = PBXFileReference; lastKnownFileType = sourcecode.swift; path = Dialogo.swift; sourceTree = "<group>"; };
		FDAD41F52C9CB7D40053A4B0 /* MovementSystem.swift */ = {isa = PBXFileReference; lastKnownFileType = sourcecode.swift; path = MovementSystem.swift; sourceTree = "<group>"; };
		FDAD41F72C9CBA230053A4B0 /* ItemSystem.swift */ = {isa = PBXFileReference; lastKnownFileType = sourcecode.swift; path = ItemSystem.swift; sourceTree = "<group>"; };
		FDAD41F92C9E02540053A4B0 /* DialogSystem.swift */ = {isa = PBXFileReference; lastKnownFileType = sourcecode.swift; path = DialogSystem.swift; sourceTree = "<group>"; };
		FDAD41FB2C9E05FE0053A4B0 /* GameState.swift */ = {isa = PBXFileReference; lastKnownFileType = sourcecode.swift; path = GameState.swift; sourceTree = "<group>"; };
		FDAD41FD2C9E104E0053A4B0 /* Friendly.swift */ = {isa = PBXFileReference; lastKnownFileType = sourcecode.swift; path = Friendly.swift; sourceTree = "<group>"; };
		FDB27A272CAB215A002B2848 /* FriendlySystem.swift */ = {isa = PBXFileReference; lastKnownFileType = sourcecode.swift; path = FriendlySystem.swift; sourceTree = "<group>"; };
		FDB27A412CADC163002B2848 /* PauseMenu.swift */ = {isa = PBXFileReference; lastKnownFileType = sourcecode.swift; path = PauseMenu.swift; sourceTree = "<group>"; };
		FDC1FCFE2C94B9A500791D58 /* UIBatalhaScene.swift */ = {isa = PBXFileReference; lastKnownFileType = sourcecode.swift; path = UIBatalhaScene.swift; sourceTree = "<group>"; };
		FDD5F9952CB4577300A1647B /* MenuSystem.swift */ = {isa = PBXFileReference; lastKnownFileType = sourcecode.swift; path = MenuSystem.swift; sourceTree = "<group>"; };
		FDD5F9982CB45CB600A1647B /* InventorySystem.swift */ = {isa = PBXFileReference; lastKnownFileType = sourcecode.swift; path = InventorySystem.swift; sourceTree = "<group>"; };
		FDD5F99B2CB45D6600A1647B /* PositionSystem.swift */ = {isa = PBXFileReference; lastKnownFileType = sourcecode.swift; path = PositionSystem.swift; sourceTree = "<group>"; };
		FDD5F99F2CB86CFF00A1647B /* GameSceneData.swift */ = {isa = PBXFileReference; lastKnownFileType = sourcecode.swift; path = GameSceneData.swift; sourceTree = "<group>"; };
		FDE3CF042CA3413100D88620 /* ReadableComponent.swift */ = {isa = PBXFileReference; lastKnownFileType = sourcecode.swift; path = ReadableComponent.swift; sourceTree = "<group>"; };
		FDE3CF062CA3422C00D88620 /* DescriptionToPass.swift */ = {isa = PBXFileReference; lastKnownFileType = sourcecode.swift; path = DescriptionToPass.swift; sourceTree = "<group>"; };
		FDE3CF0B2CA4860C00D88620 /* TopDownScene_UI.swift */ = {isa = PBXFileReference; lastKnownFileType = sourcecode.swift; path = TopDownScene_UI.swift; sourceTree = "<group>"; };
		FDE3CF0D2CA4899400D88620 /* TopDownScene_INPUT.swift */ = {isa = PBXFileReference; lastKnownFileType = sourcecode.swift; path = TopDownScene_INPUT.swift; sourceTree = "<group>"; };
		FDE3CF0F2CA48A1400D88620 /* TopDownScene_INVENTORY.swift */ = {isa = PBXFileReference; lastKnownFileType = sourcecode.swift; path = TopDownScene_INVENTORY.swift; sourceTree = "<group>"; };
		FDE3CF112CA48ABB00D88620 /* TopDownScene_DIALOG-BOX.swift */ = {isa = PBXFileReference; lastKnownFileType = sourcecode.swift; path = "TopDownScene_DIALOG-BOX.swift"; sourceTree = "<group>"; };
		FDE3CF132CA48B6200D88620 /* TopDownScene_ITEM-DESCRIPTION.swift */ = {isa = PBXFileReference; lastKnownFileType = sourcecode.swift; path = "TopDownScene_ITEM-DESCRIPTION.swift"; sourceTree = "<group>"; };
		FDE3CF232CA4A9AA00D88620 /* MainSceneScene.swift */ = {isa = PBXFileReference; lastKnownFileType = sourcecode.swift; path = MainSceneScene.swift; sourceTree = "<group>"; };
		FDE3CF252CA4AD0700D88620 /* PhysicCategory.swift */ = {isa = PBXFileReference; lastKnownFileType = sourcecode.swift; path = PhysicCategory.swift; sourceTree = "<group>"; };
		FDE3CF272CA5F56400D88620 /* Wall.swift */ = {isa = PBXFileReference; lastKnownFileType = sourcecode.swift; path = Wall.swift; sourceTree = "<group>"; };
		FDE3CF2A2CA5FD7900D88620 /* Checkpoint.swift */ = {isa = PBXFileReference; lastKnownFileType = sourcecode.swift; path = Checkpoint.swift; sourceTree = "<group>"; };
		FDE3CF2F2CA5FE1400D88620 /* UIComponent.swift */ = {isa = PBXFileReference; lastKnownFileType = sourcecode.swift; path = UIComponent.swift; sourceTree = "<group>"; };
		FDF1E0842C91B750006D4EA0 /* JourneyThroughCastleSky.app */ = {isa = PBXFileReference; explicitFileType = wrapper.application; includeInIndex = 0; path = JourneyThroughCastleSky.app; sourceTree = BUILT_PRODUCTS_DIR; };
		FDF1E0872C91B750006D4EA0 /* AppDelegate.swift */ = {isa = PBXFileReference; lastKnownFileType = sourcecode.swift; path = AppDelegate.swift; sourceTree = "<group>"; };
		FDF1E0892C91B750006D4EA0 /* GameScene.sks */ = {isa = PBXFileReference; lastKnownFileType = file.sks; path = GameScene.sks; sourceTree = "<group>"; };
		FDF1E08B2C91B750006D4EA0 /* Actions.sks */ = {isa = PBXFileReference; lastKnownFileType = file.sks; path = Actions.sks; sourceTree = "<group>"; };
		FDF1E08D2C91B750006D4EA0 /* GameScene.swift */ = {isa = PBXFileReference; lastKnownFileType = sourcecode.swift; path = GameScene.swift; sourceTree = "<group>"; };
		FDF1E08F2C91B750006D4EA0 /* ViewController.swift */ = {isa = PBXFileReference; lastKnownFileType = sourcecode.swift; path = ViewController.swift; sourceTree = "<group>"; };
		FDF1E0912C91B752006D4EA0 /* Assets.xcassets */ = {isa = PBXFileReference; lastKnownFileType = folder.assetcatalog; path = Assets.xcassets; sourceTree = "<group>"; };
		FDF1E0942C91B752006D4EA0 /* Base */ = {isa = PBXFileReference; lastKnownFileType = file.storyboard; name = Base; path = Base.lproj/Main.storyboard; sourceTree = "<group>"; };
		FDF1E0962C91B752006D4EA0 /* JourneyThroughCastleSky.entitlements */ = {isa = PBXFileReference; lastKnownFileType = text.plist.entitlements; path = JourneyThroughCastleSky.entitlements; sourceTree = "<group>"; };
		FDF1E09D2C91B811006D4EA0 /* PositionHelper.swift */ = {isa = PBXFileReference; lastKnownFileType = sourcecode.swift; path = PositionHelper.swift; sourceTree = "<group>"; };
		FDF1E0A22C921D16006D4EA0 /* GameOverScene.swift */ = {isa = PBXFileReference; lastKnownFileType = sourcecode.swift; path = GameOverScene.swift; sourceTree = "<group>"; };
		FDF1E0A42C923540006D4EA0 /* BatalhaScene.swift */ = {isa = PBXFileReference; lastKnownFileType = sourcecode.swift; path = BatalhaScene.swift; sourceTree = "<group>"; };
		FDF1E0AB2C938531006D4EA0 /* YouWinScene.swift */ = {isa = PBXFileReference; lastKnownFileType = sourcecode.swift; path = YouWinScene.swift; sourceTree = "<group>"; };
/* End PBXFileReference section */

/* Begin PBXFileSystemSynchronizedRootGroup section */
		4377B8592CAF173800FDD2B9 /* CutsceneScene */ = {isa = PBXFileSystemSynchronizedRootGroup; explicitFileTypes = {}; explicitFolders = (); path = CutsceneScene; sourceTree = "<group>"; };
		98838C3D2CA5D62D00709648 /* JourneyThroughCastleSkyTests */ = {isa = PBXFileSystemSynchronizedRootGroup; explicitFileTypes = {}; explicitFolders = (); path = JourneyThroughCastleSkyTests; sourceTree = "<group>"; };
/* End PBXFileSystemSynchronizedRootGroup section */

/* Begin PBXFrameworksBuildPhase section */
		98838C392CA5D62D00709648 /* Frameworks */ = {
			isa = PBXFrameworksBuildPhase;
			buildActionMask = 2147483647;
			files = (
			);
			runOnlyForDeploymentPostprocessing = 0;
		};
		FDF1E0812C91B750006D4EA0 /* Frameworks */ = {
			isa = PBXFrameworksBuildPhase;
			buildActionMask = 2147483647;
			files = (
			);
			runOnlyForDeploymentPostprocessing = 0;
		};
/* End PBXFrameworksBuildPhase section */

/* Begin PBXGroup section */
		43841E4E2CA729BC009496B2 /* Recovered References */ = {
			isa = PBXGroup;
			children = (
			);
			name = "Recovered References";
			sourceTree = "<group>";
		};
		986032852CB717AC00D8ECD2 /* Editor */ = {
			isa = PBXGroup;
			children = (
				986032942CB71B7500D8ECD2 /* PlaceholderTilesetRed.jpg */,
				986032912CB7194E00D8ECD2 /* PlaceholderTileset.jpg */,
				986032882CB717DE00D8ECD2 /* MainHall.sks */,
				9860328E2CB7185500D8ECD2 /* MyTileSet.sks */,
			);
			path = Editor;
			sourceTree = "<group>";
		};
		986032A72CB8688C00D8ECD2 /* Extensions */ = {
			isa = PBXGroup;
			children = (
				986032A82CB8689300D8ECD2 /* CGSize.swift */,
			);
			path = Extensions;
			sourceTree = "<group>";
		};
		98838C2F2CA4A68B00709648 /* Skills */ = {
			isa = PBXGroup;
			children = (
				98838C2D2CA4A65C00709648 /* Skill.swift */,
				98838C302CA4A72300709648 /* IncreaseStrengthSkill.swift */,
			);
			path = Skills;
			sourceTree = "<group>";
		};
		FD16D8822C9B55870069D661 /* Component */ = {
			isa = PBXGroup;
			children = (
				FD932AF02C9B55C70047B5B7 /* PositionComponent.swift */,
				FD932AF22C9B55F20047B5B7 /* MovementComponent.swift */,
				43A88D462CB452E7008ACC2E /* CutsceneComponent.swift */,
				FD932AF42C9B561B0047B5B7 /* InventoryComponent.swift */,
				FD932AF82C9B56940047B5B7 /* ConsumableComponent.swift */,
				FD932AFA2C9B56C10047B5B7 /* HealthComponent.swift */,
				FD932AFC2C9B56D90047B5B7 /* StaminaComponent.swift */,
				FD932AFE2C9B56EE0047B5B7 /* SpriteComponent.swift */,
				FD932B002C9B57180047B5B7 /* InteractableComponent.swift */,
				FD932B022C9B572E0047B5B7 /* DialogueComponent.swift */,
				FD932B042C9B57620047B5B7 /* AffectedByEffect.swift */,
				FD932B062C9B57860047B5B7 /* FightAIComponent.swift */,
				FD932B0A2C9B58DC0047B5B7 /* FighterComponent.swift */,
				FDE3CF042CA3413100D88620 /* ReadableComponent.swift */,
				98838C322CA5CE4A00709648 /* SkillComponent.swift */,
				43841E6B2CA72CB1009496B2 /* Component.swift */,
			);
			path = Component;
			sourceTree = "<group>";
		};
		FD64839B2C9A102000264D2D /* Model */ = {
			isa = PBXGroup;
			children = (
				FDAC54FF2C9A106300E90E17 /* Dialogo.swift */,
				FD932AF62C9B56410047B5B7 /* Effect.swift */,
				FDAD41FB2C9E05FE0053A4B0 /* GameState.swift */,
				FDE3CF062CA3422C00D88620 /* DescriptionToPass.swift */,
			);
			path = Model;
			sourceTree = "<group>";
		};
		FD932AEF2C9B55A80047B5B7 /* System */ = {
			isa = PBXGroup;
			children = (
				98838C252CA486C600709648 /* CombatSystem.swift */,
				FDAD41F52C9CB7D40053A4B0 /* MovementSystem.swift */,
				FDAD41F92C9E02540053A4B0 /* DialogSystem.swift */,
				FDB27A272CAB215A002B2848 /* FriendlySystem.swift */,
				FDD5F9952CB4577300A1647B /* MenuSystem.swift */,
				FDAD41F72C9CBA230053A4B0 /* ItemSystem.swift */,
				FDD5F9982CB45CB600A1647B /* InventorySystem.swift */,
				FDD5F99B2CB45D6600A1647B /* PositionSystem.swift */,
			);
			path = System;
			sourceTree = "<group>";
		};
		FDAC55012C9A10BF00E90E17 /* GameScene */ = {
			isa = PBXGroup;
			children = (
				FDF1E08D2C91B750006D4EA0 /* GameScene.swift */,
				FDD5F99F2CB86CFF00A1647B /* GameSceneData.swift */,
			);
			path = GameScene;
			sourceTree = "<group>";
		};
		FDAC55062C9B554200E90E17 /* Entity */ = {
			isa = PBXGroup;
			children = (
				98838C2F2CA4A68B00709648 /* Skills */,
				FD932B082C9B57AA0047B5B7 /* User.swift */,
				FD932B0C2C9B591A0047B5B7 /* Enemy.swift */,
				FD932B0E2C9B5BCA0047B5B7 /* Item.swift */,
				FDAD41FD2C9E104E0053A4B0 /* Friendly.swift */,
				43841E712CA72CDB009496B2 /* Entity.swift */,
			);
			path = Entity;
			sourceTree = "<group>";
		};
		FDB27A502CADE5C5002B2848 /* GameplaySks */ = {
			isa = PBXGroup;
			children = (
				985DD40C2CB9981E00E58612 /* hall-de-reliquias.jpeg */,
				985DD40B2CB9981E00E58612 /* calabouço.jpeg */,
				985DD4052CB997DE00E58612 /* calabouço.webp */,
				985DD4062CB997DE00E58612 /* hall-de-reliquias.webp */,
				FD189C2E2CB06E21008EDA53 /* MainHallScene.sks */,
				985DD4142CB9987400E58612 /* HallOfRelics.sks */,
				985DD4172CB9A60B00E58612 /* Dungeon.sks */,
			);
			path = GameplaySks;
			sourceTree = "<group>";
		};
		FDE3CF0A2CA485F400D88620 /* TopDownScene */ = {
			isa = PBXGroup;
			children = (
				98838C482CA5D8E300709648 /* TopDownScene.swift */,
				FDE3CF0B2CA4860C00D88620 /* TopDownScene_UI.swift */,
				FDE3CF0D2CA4899400D88620 /* TopDownScene_INPUT.swift */,
				FDE3CF0F2CA48A1400D88620 /* TopDownScene_INVENTORY.swift */,
				FDE3CF112CA48ABB00D88620 /* TopDownScene_DIALOG-BOX.swift */,
				FDE3CF132CA48B6200D88620 /* TopDownScene_ITEM-DESCRIPTION.swift */,
			);
			path = TopDownScene;
			sourceTree = "<group>";
		};
		FDE3CF292CA5FD5C00D88620 /* UIComponents */ = {
			isa = PBXGroup;
			children = (
				FDE3CF272CA5F56400D88620 /* Wall.swift */,
				FDE3CF2A2CA5FD7900D88620 /* Checkpoint.swift */,
				FDE3CF2F2CA5FE1400D88620 /* UIComponent.swift */,
				FDB27A412CADC163002B2848 /* PauseMenu.swift */,
			);
			path = UIComponents;
			sourceTree = "<group>";
		};
		FDF1E07B2C91B750006D4EA0 = {
			isa = PBXGroup;
			children = (
				FDF1E0862C91B750006D4EA0 /* JourneyThroughCastleSky */,
				98838C3D2CA5D62D00709648 /* JourneyThroughCastleSkyTests */,
				FDF1E0852C91B750006D4EA0 /* Products */,
				43841E4E2CA729BC009496B2 /* Recovered References */,
			);
			sourceTree = "<group>";
		};
		FDF1E0852C91B750006D4EA0 /* Products */ = {
			isa = PBXGroup;
			children = (
				FDF1E0842C91B750006D4EA0 /* JourneyThroughCastleSky.app */,
				98838C3C2CA5D62D00709648 /* JourneyThroughCastleSkyTests.xctest */,
			);
			name = Products;
			sourceTree = "<group>";
		};
		FDF1E0862C91B750006D4EA0 /* JourneyThroughCastleSky */ = {
			isa = PBXGroup;
			children = (
				986032A72CB8688C00D8ECD2 /* Extensions */,
				FDE3CF292CA5FD5C00D88620 /* UIComponents */,
				FD932AEF2C9B55A80047B5B7 /* System */,
				FD16D8822C9B55870069D661 /* Component */,
				FDAC55062C9B554200E90E17 /* Entity */,
				FD64839B2C9A102000264D2D /* Model */,
				FDF1E09F2C921CF5006D4EA0 /* Scene */,
				FDF1E09C2C91B803006D4EA0 /* Helper */,
				FDF1E0872C91B750006D4EA0 /* AppDelegate.swift */,
				FDB27A502CADE5C5002B2848 /* GameplaySks */,
				FDF1E0892C91B750006D4EA0 /* GameScene.sks */,
				FDF1E08B2C91B750006D4EA0 /* Actions.sks */,
				FDF1E08F2C91B750006D4EA0 /* ViewController.swift */,
				FDF1E0912C91B752006D4EA0 /* Assets.xcassets */,
				FDF1E0932C91B752006D4EA0 /* Main.storyboard */,
				FDF1E0962C91B752006D4EA0 /* JourneyThroughCastleSky.entitlements */,
			);
			path = JourneyThroughCastleSky;
			sourceTree = "<group>";
		};
		FDF1E09C2C91B803006D4EA0 /* Helper */ = {
			isa = PBXGroup;
			children = (
				985DD3E02CB86DD400E58612 /* Math.swift */,
				FDE3CF252CA4AD0700D88620 /* PhysicCategory.swift */,
				FDF1E09D2C91B811006D4EA0 /* PositionHelper.swift */,
			);
			path = Helper;
			sourceTree = "<group>";
		};
		FDF1E09F2C921CF5006D4EA0 /* Scene */ = {
			isa = PBXGroup;
			children = (
				986032852CB717AC00D8ECD2 /* Editor */,
				4377B8592CAF173800FDD2B9 /* CutsceneScene */,
				FDAC55012C9A10BF00E90E17 /* GameScene */,
				FDE3CF0A2CA485F400D88620 /* TopDownScene */,
				FDF1E0AD2C94B7CF006D4EA0 /* BatalhaScene */,
				FDF1E0A22C921D16006D4EA0 /* GameOverScene.swift */,
				FDF1E0AB2C938531006D4EA0 /* YouWinScene.swift */,
				FDE3CF232CA4A9AA00D88620 /* MainSceneScene.swift */,
			);
			path = Scene;
			sourceTree = "<group>";
		};
		FDF1E0AD2C94B7CF006D4EA0 /* BatalhaScene */ = {
			isa = PBXGroup;
			children = (
				FDF1E0A42C923540006D4EA0 /* BatalhaScene.swift */,
				FDC1FCFE2C94B9A500791D58 /* UIBatalhaScene.swift */,
			);
			path = BatalhaScene;
			sourceTree = "<group>";
		};
/* End PBXGroup section */

/* Begin PBXNativeTarget section */
		98838C3B2CA5D62D00709648 /* JourneyThroughCastleSkyTests */ = {
			isa = PBXNativeTarget;
			buildConfigurationList = 98838C422CA5D62D00709648 /* Build configuration list for PBXNativeTarget "JourneyThroughCastleSkyTests" */;
			buildPhases = (
				98838C382CA5D62D00709648 /* Sources */,
				98838C392CA5D62D00709648 /* Frameworks */,
				98838C3A2CA5D62D00709648 /* Resources */,
			);
			buildRules = (
			);
			dependencies = (
				98838C412CA5D62D00709648 /* PBXTargetDependency */,
			);
			fileSystemSynchronizedGroups = (
				4377B8592CAF173800FDD2B9 /* CutsceneScene */,
				98838C3D2CA5D62D00709648 /* JourneyThroughCastleSkyTests */,
			);
			name = JourneyThroughCastleSkyTests;
			packageProductDependencies = (
			);
			productName = JourneyThroughCastleSkyTests;
			productReference = 98838C3C2CA5D62D00709648 /* JourneyThroughCastleSkyTests.xctest */;
			productType = "com.apple.product-type.bundle.unit-test";
		};
		FDF1E0832C91B750006D4EA0 /* JourneyThroughCastleSky */ = {
			isa = PBXNativeTarget;
			buildConfigurationList = FDF1E0992C91B752006D4EA0 /* Build configuration list for PBXNativeTarget "JourneyThroughCastleSky" */;
			buildPhases = (
				FDF1E0802C91B750006D4EA0 /* Sources */,
				FDF1E0812C91B750006D4EA0 /* Frameworks */,
				FDF1E0822C91B750006D4EA0 /* Resources */,
			);
			buildRules = (
			);
			dependencies = (
			);
			fileSystemSynchronizedGroups = (
				4377B8592CAF173800FDD2B9 /* CutsceneScene */,
			);
			name = JourneyThroughCastleSky;
			productName = JourneyThroughCastleSky;
			productReference = FDF1E0842C91B750006D4EA0 /* JourneyThroughCastleSky.app */;
			productType = "com.apple.product-type.application";
		};
/* End PBXNativeTarget section */

/* Begin PBXProject section */
		FDF1E07C2C91B750006D4EA0 /* Project object */ = {
			isa = PBXProject;
			attributes = {
				BuildIndependentTargetsInParallel = 1;
				LastSwiftUpdateCheck = 1600;
				LastUpgradeCheck = 1540;
				TargetAttributes = {
					98838C3B2CA5D62D00709648 = {
						CreatedOnToolsVersion = 16.0;
						TestTargetID = FDF1E0832C91B750006D4EA0;
					};
					FDF1E0832C91B750006D4EA0 = {
						CreatedOnToolsVersion = 15.4;
					};
				};
			};
			buildConfigurationList = FDF1E07F2C91B750006D4EA0 /* Build configuration list for PBXProject "JourneyThroughCastleSky" */;
			compatibilityVersion = "Xcode 14.0";
			developmentRegion = en;
			hasScannedForEncodings = 0;
			knownRegions = (
				en,
				Base,
			);
			mainGroup = FDF1E07B2C91B750006D4EA0;
			productRefGroup = FDF1E0852C91B750006D4EA0 /* Products */;
			projectDirPath = "";
			projectRoot = "";
			targets = (
				FDF1E0832C91B750006D4EA0 /* JourneyThroughCastleSky */,
				98838C3B2CA5D62D00709648 /* JourneyThroughCastleSkyTests */,
			);
		};
/* End PBXProject section */

/* Begin PBXResourcesBuildPhase section */
		98838C3A2CA5D62D00709648 /* Resources */ = {
			isa = PBXResourcesBuildPhase;
			buildActionMask = 2147483647;
			files = (
				985DD4182CB9A60B00E58612 /* Dungeon.sks in Resources */,
				985DD40F2CB9981E00E58612 /* calabouço.jpeg in Resources */,
				985DD4102CB9981E00E58612 /* hall-de-reliquias.jpeg in Resources */,
				986032962CB71B7500D8ECD2 /* PlaceholderTilesetRed.jpg in Resources */,
				985DD4152CB9987400E58612 /* HallOfRelics.sks in Resources */,
				986032922CB7194E00D8ECD2 /* PlaceholderTileset.jpg in Resources */,
				9860328F2CB7185500D8ECD2 /* MyTileSet.sks in Resources */,
				986032892CB717DE00D8ECD2 /* MainHall.sks in Resources */,
				985DD4072CB997DE00E58612 /* calabouço.webp in Resources */,
				985DD4082CB997DE00E58612 /* hall-de-reliquias.webp in Resources */,
				FD189C302CB06E21008EDA53 /* MainHallScene.sks in Resources */,
			);
			runOnlyForDeploymentPostprocessing = 0;
		};
		FDF1E0822C91B750006D4EA0 /* Resources */ = {
			isa = PBXResourcesBuildPhase;
			buildActionMask = 2147483647;
			files = (
				986032952CB71B7500D8ECD2 /* PlaceholderTilesetRed.jpg in Resources */,
				986032902CB7185500D8ECD2 /* MyTileSet.sks in Resources */,
				9860328A2CB717DE00D8ECD2 /* MainHall.sks in Resources */,
				FD189C2F2CB06E21008EDA53 /* MainHallScene.sks in Resources */,
				985DD40D2CB9981E00E58612 /* calabouço.jpeg in Resources */,
				985DD4192CB9A60B00E58612 /* Dungeon.sks in Resources */,
				985DD40E2CB9981E00E58612 /* hall-de-reliquias.jpeg in Resources */,
				985DD4092CB997DE00E58612 /* calabouço.webp in Resources */,
				985DD40A2CB997DE00E58612 /* hall-de-reliquias.webp in Resources */,
				FDF1E08A2C91B750006D4EA0 /* GameScene.sks in Resources */,
				FDF1E0922C91B752006D4EA0 /* Assets.xcassets in Resources */,
				FDF1E08C2C91B750006D4EA0 /* Actions.sks in Resources */,
				986032932CB7194E00D8ECD2 /* PlaceholderTileset.jpg in Resources */,
				FDF1E0952C91B752006D4EA0 /* Base in Resources */,
				985DD4162CB9987400E58612 /* HallOfRelics.sks in Resources */,
			);
			runOnlyForDeploymentPostprocessing = 0;
		};
/* End PBXResourcesBuildPhase section */

/* Begin PBXSourcesBuildPhase section */
		98838C382CA5D62D00709648 /* Sources */ = {
			isa = PBXSourcesBuildPhase;
			buildActionMask = 2147483647;
			files = (
				98838C4B2CA5DB8300709648 /* Enemy.swift in Sources */,
				98838C5D2CA5DC8600709648 /* Item.swift in Sources */,
				98838C6E2CA5DC9E00709648 /* YouWinScene.swift in Sources */,
				43841E6D2CA72CB1009496B2 /* Component.swift in Sources */,
				98838C6F2CA5DC9E00709648 /* GameOverScene.swift in Sources */,
				FDD5F9962CB4577300A1647B /* MenuSystem.swift in Sources */,
				98838C772CA5E0A900709648 /* PositionHelper.swift in Sources */,
				98838C6C2CA5DC9A00709648 /* UIBatalhaScene.swift in Sources */,
				98838C6D2CA5DC9A00709648 /* BatalhaScene.swift in Sources */,
				98838C5F2CA5DC8600709648 /* Friendly.swift in Sources */,
				98838C732CA5E09800709648 /* DialogSystem.swift in Sources */,
				985DD3E22CB86DD600E58612 /* Math.swift in Sources */,
				FDB27A292CAB215A002B2848 /* FriendlySystem.swift in Sources */,
				98838C742CA5E09800709648 /* MovementSystem.swift in Sources */,
				98838C752CA5E09800709648 /* CombatSystem.swift in Sources */,
				98838C762CA5E09800709648 /* ItemSystem.swift in Sources */,
				98838C602CA5DC8600709648 /* User.swift in Sources */,
				98838C5B2CA5DC8000709648 /* Skill.swift in Sources */,
				98838C5C2CA5DC8000709648 /* IncreaseStrengthSkill.swift in Sources */,
				98838C4D2CA5DC6100709648 /* FightAIComponent.swift in Sources */,
				98838C4E2CA5DC6100709648 /* FighterComponent.swift in Sources */,
				98838C4F2CA5DC6100709648 /* PositionComponent.swift in Sources */,
				98838C502CA5DC6100709648 /* AffectedByEffect.swift in Sources */,
				98838C652CA5DC9000709648 /* TopDownScene_DIALOG-BOX.swift in Sources */,
				98838C662CA5DC9000709648 /* TopDownScene.swift in Sources */,
				98838C672CA5DC9000709648 /* TopDownScene_INVENTORY.swift in Sources */,
				98838C682CA5DC9000709648 /* TopDownScene_INPUT.swift in Sources */,
				98838C692CA5DC9000709648 /* TopDownScene_ITEM-DESCRIPTION.swift in Sources */,
				98838C6A2CA5DC9000709648 /* TopDownScene_UI.swift in Sources */,
				98838C512CA5DC6100709648 /* StaminaComponent.swift in Sources */,
				98838C522CA5DC6100709648 /* ConsumableComponent.swift in Sources */,
				43F007702CA72D8C0049590D /* PhysicCategory.swift in Sources */,
				FDD5F9A02CB86CFF00A1647B /* GameSceneData.swift in Sources */,
				98838C532CA5DC6100709648 /* SpriteComponent.swift in Sources */,
				98838C542CA5DC6100709648 /* ReadableComponent.swift in Sources */,
				98838C552CA5DC6100709648 /* SkillComponent.swift in Sources */,
				98838C562CA5DC6100709648 /* InteractableComponent.swift in Sources */,
				98838C572CA5DC6100709648 /* InventoryComponent.swift in Sources */,
				98838C582CA5DC6100709648 /* DialogueComponent.swift in Sources */,
				98838C592CA5DC6100709648 /* HealthComponent.swift in Sources */,
				98838C5A2CA5DC6100709648 /* MovementComponent.swift in Sources */,
				43A88D482CB452E7008ACC2E /* CutsceneComponent.swift in Sources */,
				98838C6B2CA5DC9500709648 /* GameScene.swift in Sources */,
				986032A92CB8689800D8ECD2 /* CGSize.swift in Sources */,
				98838C612CA5DC8C00709648 /* DescriptionToPass.swift in Sources */,
				FDD5F99D2CB45D6600A1647B /* PositionSystem.swift in Sources */,
				43841E722CA72CDB009496B2 /* Entity.swift in Sources */,
				FDD5F9992CB45CB600A1647B /* InventorySystem.swift in Sources */,
				43F007722CA72DDA0049590D /* MainSceneScene.swift in Sources */,
				98838C622CA5DC8C00709648 /* Effect.swift in Sources */,
				98838C632CA5DC8C00709648 /* Dialogo.swift in Sources */,
				98838C642CA5DC8C00709648 /* GameState.swift in Sources */,
			);
			runOnlyForDeploymentPostprocessing = 0;
		};
		FDF1E0802C91B750006D4EA0 /* Sources */ = {
			isa = PBXSourcesBuildPhase;
			buildActionMask = 2147483647;
			files = (
				FD932AF92C9B56940047B5B7 /* ConsumableComponent.swift in Sources */,
				FD932AF72C9B56410047B5B7 /* Effect.swift in Sources */,
				FD932AF52C9B561B0047B5B7 /* InventoryComponent.swift in Sources */,
				FD932B012C9B57180047B5B7 /* InteractableComponent.swift in Sources */,
				FD932AFD2C9B56D90047B5B7 /* StaminaComponent.swift in Sources */,
				FDE3CF102CA48A1400D88620 /* TopDownScene_INVENTORY.swift in Sources */,
				98838C492CA5D8EC00709648 /* TopDownScene.swift in Sources */,
				43841E732CA72CDB009496B2 /* Entity.swift in Sources */,
				FDE3CF052CA3413100D88620 /* ReadableComponent.swift in Sources */,
				FDB27A422CADC163002B2848 /* PauseMenu.swift in Sources */,
				FDF1E09E2C91B811006D4EA0 /* PositionHelper.swift in Sources */,
				FD932B0D2C9B591A0047B5B7 /* Enemy.swift in Sources */,
				FDF1E0902C91B750006D4EA0 /* ViewController.swift in Sources */,
				FDAD41FE2C9E104E0053A4B0 /* Friendly.swift in Sources */,
				43F007712CA72DDA0049590D /* MainSceneScene.swift in Sources */,
				43F0076F2CA72D8C0049590D /* PhysicCategory.swift in Sources */,
				FDAC55002C9A106300E90E17 /* Dialogo.swift in Sources */,
				FD932B032C9B572E0047B5B7 /* DialogueComponent.swift in Sources */,
				FDAD41FC2C9E05FE0053A4B0 /* GameState.swift in Sources */,
				FDE3CF142CA48B6200D88620 /* TopDownScene_ITEM-DESCRIPTION.swift in Sources */,
				FDF1E0A52C923540006D4EA0 /* BatalhaScene.swift in Sources */,
				43841E6C2CA72CB1009496B2 /* Component.swift in Sources */,
				FDF1E08E2C91B750006D4EA0 /* GameScene.swift in Sources */,
				98838C262CA486C600709648 /* CombatSystem.swift in Sources */,
				98838C2E2CA4A65C00709648 /* Skill.swift in Sources */,
				FDD5F99C2CB45D6600A1647B /* PositionSystem.swift in Sources */,
				FD932AF12C9B55C70047B5B7 /* PositionComponent.swift in Sources */,
				FDE3CF072CA3422C00D88620 /* DescriptionToPass.swift in Sources */,
				FDE3CF2B2CA5FD7900D88620 /* Checkpoint.swift in Sources */,
				FD932AFF2C9B56EE0047B5B7 /* SpriteComponent.swift in Sources */,
				FDAD41F62C9CB7D40053A4B0 /* MovementSystem.swift in Sources */,
				FDAD41F82C9CBA230053A4B0 /* ItemSystem.swift in Sources */,
				FD932B0B2C9B58DC0047B5B7 /* FighterComponent.swift in Sources */,
				FDE3CF282CA5F56400D88620 /* Wall.swift in Sources */,
				FDC1FCFF2C94B9A500791D58 /* UIBatalhaScene.swift in Sources */,
				FDAD41FA2C9E02540053A4B0 /* DialogSystem.swift in Sources */,
				986032AA2CB8689800D8ECD2 /* CGSize.swift in Sources */,
				FDD5F99A2CB45CB600A1647B /* InventorySystem.swift in Sources */,
				FDD5F9A12CB86CFF00A1647B /* GameSceneData.swift in Sources */,
				FDE3CF0E2CA4899400D88620 /* TopDownScene_INPUT.swift in Sources */,
				FDE3CF122CA48ABB00D88620 /* TopDownScene_DIALOG-BOX.swift in Sources */,
				FD932AFB2C9B56C10047B5B7 /* HealthComponent.swift in Sources */,
				FD932AF32C9B55F20047B5B7 /* MovementComponent.swift in Sources */,
				985DD3E12CB86DD600E58612 /* Math.swift in Sources */,
				FDF1E0A32C921D16006D4EA0 /* GameOverScene.swift in Sources */,
				FD932B0F2C9B5BCA0047B5B7 /* Item.swift in Sources */,
				FDF1E0AC2C938531006D4EA0 /* YouWinScene.swift in Sources */,
				FD932B092C9B57AA0047B5B7 /* User.swift in Sources */,
				98838C332CA5CE4A00709648 /* SkillComponent.swift in Sources */,
				FDE3CF0C2CA4860C00D88620 /* TopDownScene_UI.swift in Sources */,
				FDD5F9972CB4577300A1647B /* MenuSystem.swift in Sources */,
				98838C312CA4A72300709648 /* IncreaseStrengthSkill.swift in Sources */,
				FDB27A282CAB215A002B2848 /* FriendlySystem.swift in Sources */,
				FDE3CF302CA5FE1400D88620 /* UIComponent.swift in Sources */,
				FDF1E0882C91B750006D4EA0 /* AppDelegate.swift in Sources */,
				FD932B072C9B57860047B5B7 /* FightAIComponent.swift in Sources */,
				43A88D472CB452E7008ACC2E /* CutsceneComponent.swift in Sources */,
				FD932B052C9B57620047B5B7 /* AffectedByEffect.swift in Sources */,
			);
			runOnlyForDeploymentPostprocessing = 0;
		};
/* End PBXSourcesBuildPhase section */

/* Begin PBXTargetDependency section */
		98838C412CA5D62D00709648 /* PBXTargetDependency */ = {
			isa = PBXTargetDependency;
			target = FDF1E0832C91B750006D4EA0 /* JourneyThroughCastleSky */;
			targetProxy = 98838C402CA5D62D00709648 /* PBXContainerItemProxy */;
		};
/* End PBXTargetDependency section */

/* Begin PBXVariantGroup section */
		FDF1E0932C91B752006D4EA0 /* Main.storyboard */ = {
			isa = PBXVariantGroup;
			children = (
				FDF1E0942C91B752006D4EA0 /* Base */,
			);
			name = Main.storyboard;
			sourceTree = "<group>";
		};
/* End PBXVariantGroup section */

/* Begin XCBuildConfiguration section */
		98838C432CA5D62D00709648 /* Debug */ = {
			isa = XCBuildConfiguration;
			buildSettings = {
				BUNDLE_LOADER = "$(TEST_HOST)";
				CODE_SIGN_STYLE = Automatic;
				CURRENT_PROJECT_VERSION = 1;
				DEVELOPMENT_TEAM = LF887LSVNZ;
				GENERATE_INFOPLIST_FILE = YES;
				MACOSX_DEPLOYMENT_TARGET = 14.6;
				MARKETING_VERSION = 1.0;
				PRODUCT_BUNDLE_IDENTIFIER = Victor.JourneyThroughCastleSkyTests;
				PRODUCT_NAME = "$(TARGET_NAME)";
				SWIFT_EMIT_LOC_STRINGS = NO;
				SWIFT_VERSION = 5.0;
				TEST_HOST = "$(BUILT_PRODUCTS_DIR)/JourneyThroughCastleSky.app/$(BUNDLE_EXECUTABLE_FOLDER_PATH)/JourneyThroughCastleSky";
			};
			name = Debug;
		};
		98838C442CA5D62D00709648 /* Release */ = {
			isa = XCBuildConfiguration;
			buildSettings = {
				BUNDLE_LOADER = "$(TEST_HOST)";
				CODE_SIGN_STYLE = Automatic;
				CURRENT_PROJECT_VERSION = 1;
				DEVELOPMENT_TEAM = LF887LSVNZ;
				GENERATE_INFOPLIST_FILE = YES;
				MACOSX_DEPLOYMENT_TARGET = 14.6;
				MARKETING_VERSION = 1.0;
				PRODUCT_BUNDLE_IDENTIFIER = Victor.JourneyThroughCastleSkyTests;
				PRODUCT_NAME = "$(TARGET_NAME)";
				SWIFT_EMIT_LOC_STRINGS = NO;
				SWIFT_VERSION = 5.0;
				TEST_HOST = "$(BUILT_PRODUCTS_DIR)/JourneyThroughCastleSky.app/$(BUNDLE_EXECUTABLE_FOLDER_PATH)/JourneyThroughCastleSky";
			};
			name = Release;
		};
		FDF1E0972C91B752006D4EA0 /* Debug */ = {
			isa = XCBuildConfiguration;
			buildSettings = {
				ALWAYS_SEARCH_USER_PATHS = NO;
				ASSETCATALOG_COMPILER_GENERATE_SWIFT_ASSET_SYMBOL_EXTENSIONS = YES;
				CLANG_ANALYZER_NONNULL = YES;
				CLANG_ANALYZER_NUMBER_OBJECT_CONVERSION = YES_AGGRESSIVE;
				CLANG_CXX_LANGUAGE_STANDARD = "gnu++20";
				CLANG_ENABLE_MODULES = YES;
				CLANG_ENABLE_OBJC_ARC = YES;
				CLANG_ENABLE_OBJC_WEAK = YES;
				CLANG_WARN_BLOCK_CAPTURE_AUTORELEASING = YES;
				CLANG_WARN_BOOL_CONVERSION = YES;
				CLANG_WARN_COMMA = YES;
				CLANG_WARN_CONSTANT_CONVERSION = YES;
				CLANG_WARN_DEPRECATED_OBJC_IMPLEMENTATIONS = YES;
				CLANG_WARN_DIRECT_OBJC_ISA_USAGE = YES_ERROR;
				CLANG_WARN_DOCUMENTATION_COMMENTS = YES;
				CLANG_WARN_EMPTY_BODY = YES;
				CLANG_WARN_ENUM_CONVERSION = YES;
				CLANG_WARN_INFINITE_RECURSION = YES;
				CLANG_WARN_INT_CONVERSION = YES;
				CLANG_WARN_NON_LITERAL_NULL_CONVERSION = YES;
				CLANG_WARN_OBJC_IMPLICIT_RETAIN_SELF = YES;
				CLANG_WARN_OBJC_LITERAL_CONVERSION = YES;
				CLANG_WARN_OBJC_ROOT_CLASS = YES_ERROR;
				CLANG_WARN_QUOTED_INCLUDE_IN_FRAMEWORK_HEADER = YES;
				CLANG_WARN_RANGE_LOOP_ANALYSIS = YES;
				CLANG_WARN_STRICT_PROTOTYPES = YES;
				CLANG_WARN_SUSPICIOUS_MOVE = YES;
				CLANG_WARN_UNGUARDED_AVAILABILITY = YES_AGGRESSIVE;
				CLANG_WARN_UNREACHABLE_CODE = YES;
				CLANG_WARN__DUPLICATE_METHOD_MATCH = YES;
				COPY_PHASE_STRIP = NO;
				DEBUG_INFORMATION_FORMAT = dwarf;
				ENABLE_STRICT_OBJC_MSGSEND = YES;
				ENABLE_TESTABILITY = YES;
				ENABLE_USER_SCRIPT_SANDBOXING = YES;
				GCC_C_LANGUAGE_STANDARD = gnu17;
				GCC_DYNAMIC_NO_PIC = NO;
				GCC_NO_COMMON_BLOCKS = YES;
				GCC_OPTIMIZATION_LEVEL = 0;
				GCC_PREPROCESSOR_DEFINITIONS = (
					"DEBUG=1",
					"$(inherited)",
				);
				GCC_WARN_64_TO_32_BIT_CONVERSION = YES;
				GCC_WARN_ABOUT_RETURN_TYPE = YES_ERROR;
				GCC_WARN_UNDECLARED_SELECTOR = YES;
				GCC_WARN_UNINITIALIZED_AUTOS = YES_AGGRESSIVE;
				GCC_WARN_UNUSED_FUNCTION = YES;
				GCC_WARN_UNUSED_VARIABLE = YES;
				LOCALIZATION_PREFERS_STRING_CATALOGS = YES;
				MACOSX_DEPLOYMENT_TARGET = 14.5;
				MTL_ENABLE_DEBUG_INFO = INCLUDE_SOURCE;
				MTL_FAST_MATH = YES;
				ONLY_ACTIVE_ARCH = YES;
				SDKROOT = macosx;
				SWIFT_ACTIVE_COMPILATION_CONDITIONS = "DEBUG $(inherited)";
				SWIFT_OPTIMIZATION_LEVEL = "-Onone";
			};
			name = Debug;
		};
		FDF1E0982C91B752006D4EA0 /* Release */ = {
			isa = XCBuildConfiguration;
			buildSettings = {
				ALWAYS_SEARCH_USER_PATHS = NO;
				ASSETCATALOG_COMPILER_GENERATE_SWIFT_ASSET_SYMBOL_EXTENSIONS = YES;
				CLANG_ANALYZER_NONNULL = YES;
				CLANG_ANALYZER_NUMBER_OBJECT_CONVERSION = YES_AGGRESSIVE;
				CLANG_CXX_LANGUAGE_STANDARD = "gnu++20";
				CLANG_ENABLE_MODULES = YES;
				CLANG_ENABLE_OBJC_ARC = YES;
				CLANG_ENABLE_OBJC_WEAK = YES;
				CLANG_WARN_BLOCK_CAPTURE_AUTORELEASING = YES;
				CLANG_WARN_BOOL_CONVERSION = YES;
				CLANG_WARN_COMMA = YES;
				CLANG_WARN_CONSTANT_CONVERSION = YES;
				CLANG_WARN_DEPRECATED_OBJC_IMPLEMENTATIONS = YES;
				CLANG_WARN_DIRECT_OBJC_ISA_USAGE = YES_ERROR;
				CLANG_WARN_DOCUMENTATION_COMMENTS = YES;
				CLANG_WARN_EMPTY_BODY = YES;
				CLANG_WARN_ENUM_CONVERSION = YES;
				CLANG_WARN_INFINITE_RECURSION = YES;
				CLANG_WARN_INT_CONVERSION = YES;
				CLANG_WARN_NON_LITERAL_NULL_CONVERSION = YES;
				CLANG_WARN_OBJC_IMPLICIT_RETAIN_SELF = YES;
				CLANG_WARN_OBJC_LITERAL_CONVERSION = YES;
				CLANG_WARN_OBJC_ROOT_CLASS = YES_ERROR;
				CLANG_WARN_QUOTED_INCLUDE_IN_FRAMEWORK_HEADER = YES;
				CLANG_WARN_RANGE_LOOP_ANALYSIS = YES;
				CLANG_WARN_STRICT_PROTOTYPES = YES;
				CLANG_WARN_SUSPICIOUS_MOVE = YES;
				CLANG_WARN_UNGUARDED_AVAILABILITY = YES_AGGRESSIVE;
				CLANG_WARN_UNREACHABLE_CODE = YES;
				CLANG_WARN__DUPLICATE_METHOD_MATCH = YES;
				COPY_PHASE_STRIP = NO;
				DEBUG_INFORMATION_FORMAT = "dwarf-with-dsym";
				ENABLE_NS_ASSERTIONS = NO;
				ENABLE_STRICT_OBJC_MSGSEND = YES;
				ENABLE_USER_SCRIPT_SANDBOXING = YES;
				GCC_C_LANGUAGE_STANDARD = gnu17;
				GCC_NO_COMMON_BLOCKS = YES;
				GCC_WARN_64_TO_32_BIT_CONVERSION = YES;
				GCC_WARN_ABOUT_RETURN_TYPE = YES_ERROR;
				GCC_WARN_UNDECLARED_SELECTOR = YES;
				GCC_WARN_UNINITIALIZED_AUTOS = YES_AGGRESSIVE;
				GCC_WARN_UNUSED_FUNCTION = YES;
				GCC_WARN_UNUSED_VARIABLE = YES;
				LOCALIZATION_PREFERS_STRING_CATALOGS = YES;
				MACOSX_DEPLOYMENT_TARGET = 14.5;
				MTL_ENABLE_DEBUG_INFO = NO;
				MTL_FAST_MATH = YES;
				SDKROOT = macosx;
				SWIFT_COMPILATION_MODE = wholemodule;
			};
			name = Release;
		};
		FDF1E09A2C91B752006D4EA0 /* Debug */ = {
			isa = XCBuildConfiguration;
			buildSettings = {
				ASSETCATALOG_COMPILER_APPICON_NAME = AppIcon;
				ASSETCATALOG_COMPILER_GLOBAL_ACCENT_COLOR_NAME = AccentColor;
				CODE_SIGN_ENTITLEMENTS = JourneyThroughCastleSky/JourneyThroughCastleSky.entitlements;
				CODE_SIGN_STYLE = Automatic;
				COMBINE_HIDPI_IMAGES = YES;
				CURRENT_PROJECT_VERSION = 1;
				DEVELOPMENT_TEAM = 2XQLYL986B;
				ENABLE_HARDENED_RUNTIME = YES;
				GENERATE_INFOPLIST_FILE = YES;
				INFOPLIST_KEY_NSHumanReadableCopyright = "";
				INFOPLIST_KEY_NSMainStoryboardFile = Main;
				INFOPLIST_KEY_NSPrincipalClass = NSApplication;
				LD_RUNPATH_SEARCH_PATHS = (
					"$(inherited)",
					"@executable_path/../Frameworks",
				);
				MARKETING_VERSION = 1.0;
				PRODUCT_BUNDLE_IDENTIFIER = com.caio.Memorance;
				PRODUCT_NAME = "$(TARGET_NAME)";
				SWIFT_EMIT_LOC_STRINGS = YES;
				SWIFT_VERSION = 5.0;
			};
			name = Debug;
		};
		FDF1E09B2C91B752006D4EA0 /* Release */ = {
			isa = XCBuildConfiguration;
			buildSettings = {
				ASSETCATALOG_COMPILER_APPICON_NAME = AppIcon;
				ASSETCATALOG_COMPILER_GLOBAL_ACCENT_COLOR_NAME = AccentColor;
				CODE_SIGN_ENTITLEMENTS = JourneyThroughCastleSky/JourneyThroughCastleSky.entitlements;
				CODE_SIGN_STYLE = Automatic;
				COMBINE_HIDPI_IMAGES = YES;
				CURRENT_PROJECT_VERSION = 1;
				DEVELOPMENT_TEAM = 2XQLYL986B;
				ENABLE_HARDENED_RUNTIME = YES;
				GENERATE_INFOPLIST_FILE = YES;
				INFOPLIST_KEY_NSHumanReadableCopyright = "";
				INFOPLIST_KEY_NSMainStoryboardFile = Main;
				INFOPLIST_KEY_NSPrincipalClass = NSApplication;
				LD_RUNPATH_SEARCH_PATHS = (
					"$(inherited)",
					"@executable_path/../Frameworks",
				);
				MARKETING_VERSION = 1.0;
				PRODUCT_BUNDLE_IDENTIFIER = com.caio.Memorance;
				PRODUCT_NAME = "$(TARGET_NAME)";
				SWIFT_EMIT_LOC_STRINGS = YES;
				SWIFT_VERSION = 5.0;
			};
			name = Release;
		};
/* End XCBuildConfiguration section */

/* Begin XCConfigurationList section */
		98838C422CA5D62D00709648 /* Build configuration list for PBXNativeTarget "JourneyThroughCastleSkyTests" */ = {
			isa = XCConfigurationList;
			buildConfigurations = (
				98838C432CA5D62D00709648 /* Debug */,
				98838C442CA5D62D00709648 /* Release */,
			);
			defaultConfigurationIsVisible = 0;
			defaultConfigurationName = Release;
		};
		FDF1E07F2C91B750006D4EA0 /* Build configuration list for PBXProject "JourneyThroughCastleSky" */ = {
			isa = XCConfigurationList;
			buildConfigurations = (
				FDF1E0972C91B752006D4EA0 /* Debug */,
				FDF1E0982C91B752006D4EA0 /* Release */,
			);
			defaultConfigurationIsVisible = 0;
			defaultConfigurationName = Release;
		};
		FDF1E0992C91B752006D4EA0 /* Build configuration list for PBXNativeTarget "JourneyThroughCastleSky" */ = {
			isa = XCConfigurationList;
			buildConfigurations = (
				FDF1E09A2C91B752006D4EA0 /* Debug */,
				FDF1E09B2C91B752006D4EA0 /* Release */,
			);
			defaultConfigurationIsVisible = 0;
			defaultConfigurationName = Release;
		};
/* End XCConfigurationList section */
	};
	rootObject = FDF1E07C2C91B750006D4EA0 /* Project object */;
}
